
Microsoft Visual Studio Solution File, Format Version 12.00
# Visual Studio 14
VisualStudioVersion = 14.0.25420.1
MinimumVisualStudioVersion = 10.0.40219.1
Project("{8BC9CEB8-8B4A-11D0-8D11-00A0C91BC942}") = "dungeonhack", "dungeonhack\dungeonhack.vcxproj", "{E7AEE7BF-E08F-40CB-B214-206A2F1B9112}"
	ProjectSection(ProjectDependencies) = postProject
		{2EC33319-22B2-4E1B-AB53-0A6E8B906735} = {2EC33319-22B2-4E1B-AB53-0A6E8B906735}
		{55478F3D-6E30-4735-9FF9-79F7A91F5606} = {55478F3D-6E30-4735-9FF9-79F7A91F5606}
		{D0F1813F-FC57-4283-9F4D-061433E3006D} = {D0F1813F-FC57-4283-9F4D-061433E3006D}
		{D0DCB253-29D9-4A8B-A52A-B38EB68E52C2} = {D0DCB253-29D9-4A8B-A52A-B38EB68E52C2}
		{C3C74254-847B-448B-920D-3AD17B3CEFFE} = {C3C74254-847B-448B-920D-3AD17B3CEFFE}
		{0530EE73-F2C1-4B5B-82BA-EC982D3C4E5E} = {0530EE73-F2C1-4B5B-82BA-EC982D3C4E5E}
		{BC466987-D10C-46AD-8591-EAAE6042EFA3} = {BC466987-D10C-46AD-8591-EAAE6042EFA3}
		{3F5281C1-FAE8-4422-899D-1A8090EB1603} = {3F5281C1-FAE8-4422-899D-1A8090EB1603}
		{E0BC0CD4-EDB3-4E6D-ABF3-E3766F2A6290} = {E0BC0CD4-EDB3-4E6D-ABF3-E3766F2A6290}
		{93CD4FD4-C2E0-46FC-98CC-1D901EFF0556} = {93CD4FD4-C2E0-46FC-98CC-1D901EFF0556}
		{8EE24DD5-A95E-4E8B-9A8C-38D430856AAB} = {8EE24DD5-A95E-4E8B-9A8C-38D430856AAB}
		{2FFF7DE0-3783-4094-B335-1C76A61E606A} = {2FFF7DE0-3783-4094-B335-1C76A61E606A}
		{1C1271E9-FF32-4633-A1C9-2A4CAC286E29} = {1C1271E9-FF32-4633-A1C9-2A4CAC286E29}
	EndProjectSection
EndProject
Project("{8BC9CEB8-8B4A-11D0-8D11-00A0C91BC942}") = "OgreMain", "OgreMain\OgreMain.vcxproj", "{E0BC0CD4-EDB3-4E6D-ABF3-E3766F2A6290}"
	ProjectSection(ProjectDependencies) = postProject
		{02CBF20F-A794-404B-BDE8-9E37FB2ED681} = {02CBF20F-A794-404B-BDE8-9E37FB2ED681}
		{1178CF2D-705F-4113-B286-D10D43DA3039} = {1178CF2D-705F-4113-B286-D10D43DA3039}
		{C091B95A-81FE-4AB4-B448-2BA8F80A36E2} = {C091B95A-81FE-4AB4-B448-2BA8F80A36E2}
		{78B079BD-9FC7-4B9E-B4A6-96DA0F00248B} = {78B079BD-9FC7-4B9E-B4A6-96DA0F00248B}
	EndProjectSection
EndProject
Project("{8BC9CEB8-8B4A-11D0-8D11-00A0C91BC942}") = "OgreGUIRenderer", "OgreGUIRenderer\OgreGUIRenderer.vcxproj", "{2EC33319-22B2-4E1B-AB53-0A6E8B906735}"
	ProjectSection(ProjectDependencies) = postProject
		{DA4EA8BC-FE01-4287-83BE-D7A06A27E397} = {DA4EA8BC-FE01-4287-83BE-D7A06A27E397}
	EndProjectSection
EndProject
Project("{8BC9CEB8-8B4A-11D0-8D11-00A0C91BC942}") = "freetype", "freetype_2.4.4\freetype.vcxproj", "{78B079BD-9FC7-4B9E-B4A6-96DA0F00248B}"
EndProject
Project("{8BC9CEB8-8B4A-11D0-8D11-00A0C91BC942}") = "zlibstatic", "zlibstatic\zlibstatic.vcxproj", "{1178CF2D-705F-4113-B286-D10D43DA3039}"
EndProject
Project("{8BC9CEB8-8B4A-11D0-8D11-00A0C91BC942}") = "zziplib", "zziplib\zziplib.vcxproj", "{C091B95A-81FE-4AB4-B448-2BA8F80A36E2}"
	ProjectSection(ProjectDependencies) = postProject
		{1178CF2D-705F-4113-B286-D10D43DA3039} = {1178CF2D-705F-4113-B286-D10D43DA3039}
	EndProjectSection
EndProject
Project("{8BC9CEB8-8B4A-11D0-8D11-00A0C91BC942}") = "FreeImage", "FreeImage\FreeImage.vcxproj", "{02CBF20F-A794-404B-BDE8-9E37FB2ED681}"
EndProject
Project("{8BC9CEB8-8B4A-11D0-8D11-00A0C91BC942}") = "CEGUIBase", "CEGUIBase\CEGUIBase.vcxproj", "{DA4EA8BC-FE01-4287-83BE-D7A06A27E397}"
EndProject
Project("{8BC9CEB8-8B4A-11D0-8D11-00A0C91BC942}") = "MyGUI", "MyGUI\MyGUI.vcxproj", "{0530EE73-F2C1-4B5B-82BA-EC982D3C4E5E}"
EndProject
Project("{8BC9CEB8-8B4A-11D0-8D11-00A0C91BC942}") = "OIS", "OIS\OIS.vcxproj", "{55478F3D-6E30-4735-9FF9-79F7A91F5606}"
EndProject
Project("{8BC9CEB8-8B4A-11D0-8D11-00A0C91BC942}") = "PagedGeometry", "PagedGeometry\PagedGeometry.vcxproj", "{D0F1813F-FC57-4283-9F4D-061433E3006D}"
EndProject
Project("{8BC9CEB8-8B4A-11D0-8D11-00A0C91BC942}") = "vorbis", "vorbis\vorbis.vcxproj", "{5FA33EF3-FF7E-43D3-A3E5-7364C491E089}"
	ProjectSection(ProjectDependencies) = postProject
		{FA10AE64-9A1B-4FCE-91B6-929FFB6705D5} = {FA10AE64-9A1B-4FCE-91B6-929FFB6705D5}
	EndProjectSection
EndProject
Project("{8BC9CEB8-8B4A-11D0-8D11-00A0C91BC942}") = "ogg", "ogg\ogg.vcxproj", "{FA10AE64-9A1B-4FCE-91B6-929FFB6705D5}"
EndProject
Project("{8BC9CEB8-8B4A-11D0-8D11-00A0C91BC942}") = "vorbisfile", "vorbisfile\vorbisfile.vcxproj", "{14A458E4-EE63-4CCC-87A4-2EF68DE0A5B8}"
	ProjectSection(ProjectDependencies) = postProject
		{FA10AE64-9A1B-4FCE-91B6-929FFB6705D5} = {FA10AE64-9A1B-4FCE-91B6-929FFB6705D5}
		{5FA33EF3-FF7E-43D3-A3E5-7364C491E089} = {5FA33EF3-FF7E-43D3-A3E5-7364C491E089}
	EndProjectSection
EndProject
Project("{8BC9CEB8-8B4A-11D0-8D11-00A0C91BC942}") = "ALURE32", "ALURE32\ALURE32.vcxproj", "{BC466987-D10C-46AD-8591-EAAE6042EFA3}"
	ProjectSection(ProjectDependencies) = postProject
		{14A458E4-EE63-4CCC-87A4-2EF68DE0A5B8} = {14A458E4-EE63-4CCC-87A4-2EF68DE0A5B8}
		{1C1271E9-FF32-4633-A1C9-2A4CAC286E29} = {1C1271E9-FF32-4633-A1C9-2A4CAC286E29}
	EndProjectSection
EndProject
Project("{8BC9CEB8-8B4A-11D0-8D11-00A0C91BC942}") = "ReferenceAppLayer", "ReferenceAppLayer\ReferenceAppLayer.vcxproj", "{8EE24DD5-A95E-4E8B-9A8C-38D430856AAB}"
	ProjectSection(ProjectDependencies) = postProject
		{9C83F52A-B9CB-4DB0-A6F5-176E917AE9A4} = {9C83F52A-B9CB-4DB0-A6F5-176E917AE9A4}
		{E0BC0CD4-EDB3-4E6D-ABF3-E3766F2A6290} = {E0BC0CD4-EDB3-4E6D-ABF3-E3766F2A6290}
	EndProjectSection
EndProject
Project("{8BC9CEB8-8B4A-11D0-8D11-00A0C91BC942}") = "ode", "ode\ode.vcxproj", "{9C83F52A-B9CB-4DB0-A6F5-176E917AE9A4}"
EndProject
Project("{8BC9CEB8-8B4A-11D0-8D11-00A0C91BC942}") = "Plugin_CgProgramManager", "Plugin_CgProgramManager\Plugin_CgProgramManager.vcxproj", "{C3C74254-847B-448B-920D-3AD17B3CEFFE}"
	ProjectSection(ProjectDependencies) = postProject
		{E0BC0CD4-EDB3-4E6D-ABF3-E3766F2A6290} = {E0BC0CD4-EDB3-4E6D-ABF3-E3766F2A6290}
	EndProjectSection
EndProject
Project("{8BC9CEB8-8B4A-11D0-8D11-00A0C91BC942}") = "Plugin_OctreeSceneManager", "Plugin_OctreeSceneManager\Plugin_OctreeSceneManager.vcxproj", "{3F5281C1-FAE8-4422-899D-1A8090EB1603}"
	ProjectSection(ProjectDependencies) = postProject
		{E0BC0CD4-EDB3-4E6D-ABF3-E3766F2A6290} = {E0BC0CD4-EDB3-4E6D-ABF3-E3766F2A6290}
	EndProjectSection
EndProject
Project("{8BC9CEB8-8B4A-11D0-8D11-00A0C91BC942}") = "Plugin_ParticleFX", "Plugin_ParticleFX\Plugin_ParticleFX.vcxproj", "{93CD4FD4-C2E0-46FC-98CC-1D901EFF0556}"
	ProjectSection(ProjectDependencies) = postProject
		{E0BC0CD4-EDB3-4E6D-ABF3-E3766F2A6290} = {E0BC0CD4-EDB3-4E6D-ABF3-E3766F2A6290}
	EndProjectSection
EndProject
Project("{8BC9CEB8-8B4A-11D0-8D11-00A0C91BC942}") = "RenderSystem_GL", "RenderSystem_GL\RenderSystem_GL.vcxproj", "{D0DCB253-29D9-4A8B-A52A-B38EB68E52C2}"
	ProjectSection(ProjectDependencies) = postProject
		{E0BC0CD4-EDB3-4E6D-ABF3-E3766F2A6290} = {E0BC0CD4-EDB3-4E6D-ABF3-E3766F2A6290}
	EndProjectSection
EndProject
Project("{8BC9CEB8-8B4A-11D0-8D11-00A0C91BC942}") = "RenderSystem_Direct3D9", "RenderSystem_Direct3D9\RenderSystem_Direct3D9.vcxproj", "{2FFF7DE0-3783-4094-B335-1C76A61E606A}"
	ProjectSection(ProjectDependencies) = postProject
		{E0BC0CD4-EDB3-4E6D-ABF3-E3766F2A6290} = {E0BC0CD4-EDB3-4E6D-ABF3-E3766F2A6290}
	EndProjectSection
EndProject
Project("{8BC9CEB8-8B4A-11D0-8D11-00A0C91BC942}") = "OpenAL32", "OpenAL32\OpenAL32.vcxproj", "{1C1271E9-FF32-4633-A1C9-2A4CAC286E29}"
EndProject
Global
	GlobalSection(SolutionConfigurationPlatforms) = preSolution
		Release|x86 = Release|x86
	EndGlobalSection
	GlobalSection(ProjectConfigurationPlatforms) = postSolution
		{E7AEE7BF-E08F-40CB-B214-206A2F1B9112}.Release|x86.ActiveCfg = Release|Win32
		{E7AEE7BF-E08F-40CB-B214-206A2F1B9112}.Release|x86.Build.0 = Release|Win32
		{E0BC0CD4-EDB3-4E6D-ABF3-E3766F2A6290}.Release|x86.ActiveCfg = Release|Win32
		{E0BC0CD4-EDB3-4E6D-ABF3-E3766F2A6290}.Release|x86.Build.0 = Release|Win32
		{2EC33319-22B2-4E1B-AB53-0A6E8B906735}.Release|x86.ActiveCfg = Release|Win32
		{2EC33319-22B2-4E1B-AB53-0A6E8B906735}.Release|x86.Build.0 = Release|Win32
		{78B079BD-9FC7-4B9E-B4A6-96DA0F00248B}.Release|x86.ActiveCfg = Release|Win32
		{78B079BD-9FC7-4B9E-B4A6-96DA0F00248B}.Release|x86.Build.0 = Release|Win32
		{1178CF2D-705F-4113-B286-D10D43DA3039}.Release|x86.ActiveCfg = Release|Win32
		{1178CF2D-705F-4113-B286-D10D43DA3039}.Release|x86.Build.0 = Release|Win32
		{C091B95A-81FE-4AB4-B448-2BA8F80A36E2}.Release|x86.ActiveCfg = Release|Win32
		{C091B95A-81FE-4AB4-B448-2BA8F80A36E2}.Release|x86.Build.0 = Release|Win32
		{02CBF20F-A794-404B-BDE8-9E37FB2ED681}.Release|x86.ActiveCfg = Release|Win32
		{02CBF20F-A794-404B-BDE8-9E37FB2ED681}.Release|x86.Build.0 = Release|Win32
		{DA4EA8BC-FE01-4287-83BE-D7A06A27E397}.Release|x86.ActiveCfg = Release|Win32
		{DA4EA8BC-FE01-4287-83BE-D7A06A27E397}.Release|x86.Build.0 = Release|Win32
		{0530EE73-F2C1-4B5B-82BA-EC982D3C4E5E}.Release|x86.ActiveCfg = Release|Win32
		{0530EE73-F2C1-4B5B-82BA-EC982D3C4E5E}.Release|x86.Build.0 = Release|Win32
		{55478F3D-6E30-4735-9FF9-79F7A91F5606}.Release|x86.ActiveCfg = Release|Win32
		{55478F3D-6E30-4735-9FF9-79F7A91F5606}.Release|x86.Build.0 = Release|Win32
		{D0F1813F-FC57-4283-9F4D-061433E3006D}.Release|x86.ActiveCfg = Release|Win32
		{D0F1813F-FC57-4283-9F4D-061433E3006D}.Release|x86.Build.0 = Release|Win32
		{5FA33EF3-FF7E-43D3-A3E5-7364C491E089}.Release|x86.ActiveCfg = Release|Win32
		{5FA33EF3-FF7E-43D3-A3E5-7364C491E089}.Release|x86.Build.0 = Release|Win32
		{FA10AE64-9A1B-4FCE-91B6-929FFB6705D5}.Release|x86.ActiveCfg = Release|Win32
		{FA10AE64-9A1B-4FCE-91B6-929FFB6705D5}.Release|x86.Build.0 = Release|Win32
		{14A458E4-EE63-4CCC-87A4-2EF68DE0A5B8}.Release|x86.ActiveCfg = Release|Win32
		{14A458E4-EE63-4CCC-87A4-2EF68DE0A5B8}.Release|x86.Build.0 = Release|Win32
		{BC466987-D10C-46AD-8591-EAAE6042EFA3}.Release|x86.ActiveCfg = Release|Win32
		{BC466987-D10C-46AD-8591-EAAE6042EFA3}.Release|x86.Build.0 = Release|Win32
		{8EE24DD5-A95E-4E8B-9A8C-38D430856AAB}.Release|x86.ActiveCfg = Release|Win32
		{8EE24DD5-A95E-4E8B-9A8C-38D430856AAB}.Release|x86.Build.0 = Release|Win32
		{9C83F52A-B9CB-4DB0-A6F5-176E917AE9A4}.Release|x86.ActiveCfg = Release|Win32
		{9C83F52A-B9CB-4DB0-A6F5-176E917AE9A4}.Release|x86.Build.0 = Release|Win32
		{C3C74254-847B-448B-920D-3AD17B3CEFFE}.Release|x86.ActiveCfg = Release|Win32
		{C3C74254-847B-448B-920D-3AD17B3CEFFE}.Release|x86.Build.0 = Release|Win32
		{3F5281C1-FAE8-4422-899D-1A8090EB1603}.Release|x86.ActiveCfg = Release|Win32
		{3F5281C1-FAE8-4422-899D-1A8090EB1603}.Release|x86.Build.0 = Release|Win32
		{93CD4FD4-C2E0-46FC-98CC-1D901EFF0556}.Release|x86.ActiveCfg = Release|Win32
		{93CD4FD4-C2E0-46FC-98CC-1D901EFF0556}.Release|x86.Build.0 = Release|Win32
		{D0DCB253-29D9-4A8B-A52A-B38EB68E52C2}.Release|x86.ActiveCfg = Release|Win32
		{D0DCB253-29D9-4A8B-A52A-B38EB68E52C2}.Release|x86.Build.0 = Release|Win32
		{2FFF7DE0-3783-4094-B335-1C76A61E606A}.Release|x86.ActiveCfg = Release|Win32
		{2FFF7DE0-3783-4094-B335-1C76A61E606A}.Release|x86.Build.0 = Release|Win32
		{1C1271E9-FF32-4633-A1C9-2A4CAC286E29}.Release|x86.ActiveCfg = Release|Win32
		{1C1271E9-FF32-4633-A1C9-2A4CAC286E29}.Release|x86.Build.0 = Release|Win32
	EndGlobalSection
	GlobalSection(SolutionProperties) = preSolution
		HideSolutionNode = FALSE
	EndGlobalSection
EndGlobal
