
Microsoft Visual Studio Solution File, Format Version 12.00
# Visual Studio 14
VisualStudioVersion = 14.0.25420.1
MinimumVisualStudioVersion = 10.0.40219.1
Project("{8BC9CEB8-8B4A-11D0-8D11-00A0C91BC942}") = "dungeonhack", "dungeonhack\dungeonhack.vcxproj", "{E7AEE7BF-E08F-40CB-B214-206A2F1B9112}"
EndProject
Project("{8BC9CEB8-8B4A-11D0-8D11-00A0C91BC942}") = "OgreMain", "OgreMain\OgreMain.vcxproj", "{E0BC0CD4-EDB3-4E6D-ABF3-E3766F2A6290}"
	ProjectSection(ProjectDependencies) = postProject
		{02CBF20F-A794-404B-BDE8-9E37FB2ED681} = {02CBF20F-A794-404B-BDE8-9E37FB2ED681}
		{1178CF2D-705F-4113-B286-D10D43DA3039} = {1178CF2D-705F-4113-B286-D10D43DA3039}
		{C091B95A-81FE-4AB4-B448-2BA8F80A36E2} = {C091B95A-81FE-4AB4-B448-2BA8F80A36E2}
		{78B079BD-9FC7-4B9E-B4A6-96DA0F00248B} = {78B079BD-9FC7-4B9E-B4A6-96DA0F00248B}
	EndProjectSection
EndProject
Project("{8BC9CEB8-8B4A-11D0-8D11-00A0C91BC942}") = "OgreGUIRenderer", "OgreGUIRenderer\OgreGUIRenderer.vcxproj", "{2EC33319-22B2-4E1B-AB53-0A6E8B906735}"
	ProjectSection(ProjectDependencies) = postProject
		{DA4EA8BC-FE01-4287-83BE-D7A06A27E397} = {DA4EA8BC-FE01-4287-83BE-D7A06A27E397}
	EndProjectSection
EndProject
Project("{8BC9CEB8-8B4A-11D0-8D11-00A0C91BC942}") = "freetype", "freetype_2.4.4\freetype.vcxproj", "{78B079BD-9FC7-4B9E-B4A6-96DA0F00248B}"
EndProject
Project("{8BC9CEB8-8B4A-11D0-8D11-00A0C91BC942}") = "zlibstatic", "zlibstatic\zlibstatic.vcxproj", "{1178CF2D-705F-4113-B286-D10D43DA3039}"
EndProject
Project("{8BC9CEB8-8B4A-11D0-8D11-00A0C91BC942}") = "zziplib", "zziplib\zziplib.vcxproj", "{C091B95A-81FE-4AB4-B448-2BA8F80A36E2}"
	ProjectSection(ProjectDependencies) = postProject
		{1178CF2D-705F-4113-B286-D10D43DA3039} = {1178CF2D-705F-4113-B286-D10D43DA3039}
	EndProjectSection
EndProject
Project("{8BC9CEB8-8B4A-11D0-8D11-00A0C91BC942}") = "FreeImage", "FreeImage\FreeImage.vcxproj", "{02CBF20F-A794-404B-BDE8-9E37FB2ED681}"
EndProject
Project("{8BC9CEB8-8B4A-11D0-8D11-00A0C91BC942}") = "CEGUIBase", "CEGUIBase\CEGUIBase.vcxproj", "{DA4EA8BC-FE01-4287-83BE-D7A06A27E397}"
EndProject
Project("{8BC9CEB8-8B4A-11D0-8D11-00A0C91BC942}") = "MyGUI", "MyGUI\MyGUI.vcxproj", "{0530EE73-F2C1-4B5B-82BA-EC982D3C4E5E}"
EndProject
Project("{8BC9CEB8-8B4A-11D0-8D11-00A0C91BC942}") = "OIS", "OIS\OIS.vcxproj", "{55478F3D-6E30-4735-9FF9-79F7A91F5606}"
EndProject
Project("{8BC9CEB8-8B4A-11D0-8D11-00A0C91BC942}") = "PagedGeometry", "PagedGeometry\PagedGeometry.vcxproj", "{D0F1813F-FC57-4283-9F4D-061433E3006D}"
EndProject
Project("{8BC9CEB8-8B4A-11D0-8D11-00A0C91BC942}") = "vorbis", "vorbis\vorbis.vcxproj", "{5FA33EF3-FF7E-43D3-A3E5-7364C491E089}"
	ProjectSection(ProjectDependencies) = postProject
		{FA10AE64-9A1B-4FCE-91B6-929FFB6705D5} = {FA10AE64-9A1B-4FCE-91B6-929FFB6705D5}
	EndProjectSection
EndProject
Project("{8BC9CEB8-8B4A-11D0-8D11-00A0C91BC942}") = "ogg", "ogg\ogg.vcxproj", "{FA10AE64-9A1B-4FCE-91B6-929FFB6705D5}"
EndProject
Project("{8BC9CEB8-8B4A-11D0-8D11-00A0C91BC942}") = "vorbisfile", "vorbisfile\vorbisfile.vcxproj", "{14A458E4-EE63-4CCC-87A4-2EF68DE0A5B8}"
	ProjectSection(ProjectDependencies) = postProject
		{FA10AE64-9A1B-4FCE-91B6-929FFB6705D5} = {FA10AE64-9A1B-4FCE-91B6-929FFB6705D5}
		{5FA33EF3-FF7E-43D3-A3E5-7364C491E089} = {5FA33EF3-FF7E-43D3-A3E5-7364C491E089}
	EndProjectSection
EndProject
Project("{8BC9CEB8-8B4A-11D0-8D11-00A0C91BC942}") = "ALURE32", "ALURE32\ALURE32.vcxproj", "{BC466987-D10C-46AD-8591-EAAE6042EFA3}"
	ProjectSection(ProjectDependencies) = postProject
		{14A458E4-EE63-4CCC-87A4-2EF68DE0A5B8} = {14A458E4-EE63-4CCC-87A4-2EF68DE0A5B8}
	EndProjectSection
EndProject
Project("{8BC9CEB8-8B4A-11D0-8D11-00A0C91BC942}") = "ReferenceAppLayer", "ReferenceAppLayer\ReferenceAppLayer.vcxproj", "{8EE24DD5-A95E-4E8B-9A8C-38D430856AAB}"
	ProjectSection(ProjectDependencies) = postProject
		{9C83F52A-B9CB-4DB0-A6F5-176E917AE9A4} = {9C83F52A-B9CB-4DB0-A6F5-176E917AE9A4}
		{E0BC0CD4-EDB3-4E6D-ABF3-E3766F2A6290} = {E0BC0CD4-EDB3-4E6D-ABF3-E3766F2A6290}
	EndProjectSection
EndProject
Project("{8BC9CEB8-8B4A-11D0-8D11-00A0C91BC942}") = "ode", "ode\ode.vcxproj", "{9C83F52A-B9CB-4DB0-A6F5-176E917AE9A4}"
EndProject
Project("{8BC9CEB8-8B4A-11D0-8D11-00A0C91BC942}") = "Plugin_CgProgramManager", "Plugin_CgProgramManager\Plugin_CgProgramManager.vcxproj", "{C3C74254-847B-448B-920D-3AD17B3CEFFE}"
	ProjectSection(ProjectDependencies) = postProject
		{E0BC0CD4-EDB3-4E6D-ABF3-E3766F2A6290} = {E0BC0CD4-EDB3-4E6D-ABF3-E3766F2A6290}
	EndProjectSection
EndProject
Project("{8BC9CEB8-8B4A-11D0-8D11-00A0C91BC942}") = "Plugin_OctreeSceneManager", "Plugin_OctreeSceneManager\Plugin_OctreeSceneManager.vcxproj", "{3F5281C1-FAE8-4422-899D-1A8090EB1603}"
	ProjectSection(ProjectDependencies) = postProject
		{E0BC0CD4-EDB3-4E6D-ABF3-E3766F2A6290} = {E0BC0CD4-EDB3-4E6D-ABF3-E3766F2A6290}
	EndProjectSection
EndProject
Project("{8BC9CEB8-8B4A-11D0-8D11-00A0C91BC942}") = "Plugin_ParticleFX", "Plugin_ParticleFX\Plugin_ParticleFX.vcxproj", "{93CD4FD4-C2E0-46FC-98CC-1D901EFF0556}"
	ProjectSection(ProjectDependencies) = postProject
		{E0BC0CD4-EDB3-4E6D-ABF3-E3766F2A6290} = {E0BC0CD4-EDB3-4E6D-ABF3-E3766F2A6290}
	EndProjectSection
EndProject
Project("{8BC9CEB8-8B4A-11D0-8D11-00A0C91BC942}") = "RenderSystem_GL", "RenderSystem_GL\RenderSystem_GL.vcxproj", "{D0DCB253-29D9-4A8B-A52A-B38EB68E52C2}"
	ProjectSection(ProjectDependencies) = postProject
		{E0BC0CD4-EDB3-4E6D-ABF3-E3766F2A6290} = {E0BC0CD4-EDB3-4E6D-ABF3-E3766F2A6290}
	EndProjectSection
EndProject
Project("{8BC9CEB8-8B4A-11D0-8D11-00A0C91BC942}") = "RenderSystem_Direct3D9", "RenderSystem_Direct3D9\RenderSystem_Direct3D9.vcxproj", "{2FFF7DE0-3783-4094-B335-1C76A61E606A}"
	ProjectSection(ProjectDependencies) = postProject
		{E0BC0CD4-EDB3-4E6D-ABF3-E3766F2A6290} = {E0BC0CD4-EDB3-4E6D-ABF3-E3766F2A6290}
	EndProjectSection
EndProject
Global
	GlobalSection(SolutionConfigurationPlatforms) = preSolution
		Debug Multithreaded|x64 = Debug Multithreaded|x64
		Debug Multithreaded|x86 = Debug Multithreaded|x86
		Debug Singlethreaded|x64 = Debug Singlethreaded|x64
		Debug Singlethreaded|x86 = Debug Singlethreaded|x86
		Debug|x64 = Debug|x64
		Debug|x86 = Debug|x86
		DebugDLL|x64 = DebugDLL|x64
		DebugDLL|x86 = DebugDLL|x86
		Release Multithreaded|x64 = Release Multithreaded|x64
		Release Multithreaded|x86 = Release Multithreaded|x86
		Release Singlethreaded|x64 = Release Singlethreaded|x64
		Release Singlethreaded|x86 = Release Singlethreaded|x86
		Release|x64 = Release|x64
		Release|x86 = Release|x86
		ReleaseDLL|x64 = ReleaseDLL|x64
		ReleaseDLL|x86 = ReleaseDLL|x86
	EndGlobalSection
	GlobalSection(ProjectConfigurationPlatforms) = postSolution
		{E7AEE7BF-E08F-40CB-B214-206A2F1B9112}.Debug Multithreaded|x64.ActiveCfg = Debug|x64
		{E7AEE7BF-E08F-40CB-B214-206A2F1B9112}.Debug Multithreaded|x64.Build.0 = Debug|x64
		{E7AEE7BF-E08F-40CB-B214-206A2F1B9112}.Debug Multithreaded|x86.ActiveCfg = Debug|Win32
		{E7AEE7BF-E08F-40CB-B214-206A2F1B9112}.Debug Multithreaded|x86.Build.0 = Debug|Win32
		{E7AEE7BF-E08F-40CB-B214-206A2F1B9112}.Debug Singlethreaded|x64.ActiveCfg = Debug|x64
		{E7AEE7BF-E08F-40CB-B214-206A2F1B9112}.Debug Singlethreaded|x64.Build.0 = Debug|x64
		{E7AEE7BF-E08F-40CB-B214-206A2F1B9112}.Debug Singlethreaded|x86.ActiveCfg = Debug|Win32
		{E7AEE7BF-E08F-40CB-B214-206A2F1B9112}.Debug Singlethreaded|x86.Build.0 = Debug|Win32
		{E7AEE7BF-E08F-40CB-B214-206A2F1B9112}.Debug|x64.ActiveCfg = Debug|x64
		{E7AEE7BF-E08F-40CB-B214-206A2F1B9112}.Debug|x64.Build.0 = Debug|x64
		{E7AEE7BF-E08F-40CB-B214-206A2F1B9112}.Debug|x86.ActiveCfg = Debug|Win32
		{E7AEE7BF-E08F-40CB-B214-206A2F1B9112}.Debug|x86.Build.0 = Debug|Win32
		{E7AEE7BF-E08F-40CB-B214-206A2F1B9112}.DebugDLL|x64.ActiveCfg = Debug|x64
		{E7AEE7BF-E08F-40CB-B214-206A2F1B9112}.DebugDLL|x64.Build.0 = Debug|x64
		{E7AEE7BF-E08F-40CB-B214-206A2F1B9112}.DebugDLL|x86.ActiveCfg = Debug|Win32
		{E7AEE7BF-E08F-40CB-B214-206A2F1B9112}.DebugDLL|x86.Build.0 = Debug|Win32
		{E7AEE7BF-E08F-40CB-B214-206A2F1B9112}.Release Multithreaded|x64.ActiveCfg = Release|x64
		{E7AEE7BF-E08F-40CB-B214-206A2F1B9112}.Release Multithreaded|x64.Build.0 = Release|x64
		{E7AEE7BF-E08F-40CB-B214-206A2F1B9112}.Release Multithreaded|x86.ActiveCfg = Release|Win32
		{E7AEE7BF-E08F-40CB-B214-206A2F1B9112}.Release Multithreaded|x86.Build.0 = Release|Win32
		{E7AEE7BF-E08F-40CB-B214-206A2F1B9112}.Release Singlethreaded|x64.ActiveCfg = Release|x64
		{E7AEE7BF-E08F-40CB-B214-206A2F1B9112}.Release Singlethreaded|x64.Build.0 = Release|x64
		{E7AEE7BF-E08F-40CB-B214-206A2F1B9112}.Release Singlethreaded|x86.ActiveCfg = Release|Win32
		{E7AEE7BF-E08F-40CB-B214-206A2F1B9112}.Release Singlethreaded|x86.Build.0 = Release|Win32
		{E7AEE7BF-E08F-40CB-B214-206A2F1B9112}.Release|x64.ActiveCfg = Release|x64
		{E7AEE7BF-E08F-40CB-B214-206A2F1B9112}.Release|x64.Build.0 = Release|x64
		{E7AEE7BF-E08F-40CB-B214-206A2F1B9112}.Release|x86.ActiveCfg = Release|Win32
		{E7AEE7BF-E08F-40CB-B214-206A2F1B9112}.Release|x86.Build.0 = Release|Win32
		{E7AEE7BF-E08F-40CB-B214-206A2F1B9112}.ReleaseDLL|x64.ActiveCfg = Release|x64
		{E7AEE7BF-E08F-40CB-B214-206A2F1B9112}.ReleaseDLL|x64.Build.0 = Release|x64
		{E7AEE7BF-E08F-40CB-B214-206A2F1B9112}.ReleaseDLL|x86.ActiveCfg = Release|Win32
		{E7AEE7BF-E08F-40CB-B214-206A2F1B9112}.ReleaseDLL|x86.Build.0 = Release|Win32
		{E0BC0CD4-EDB3-4E6D-ABF3-E3766F2A6290}.Debug Multithreaded|x64.ActiveCfg = Debug|x64
		{E0BC0CD4-EDB3-4E6D-ABF3-E3766F2A6290}.Debug Multithreaded|x64.Build.0 = Debug|x64
		{E0BC0CD4-EDB3-4E6D-ABF3-E3766F2A6290}.Debug Multithreaded|x86.ActiveCfg = Debug|Win32
		{E0BC0CD4-EDB3-4E6D-ABF3-E3766F2A6290}.Debug Multithreaded|x86.Build.0 = Debug|Win32
		{E0BC0CD4-EDB3-4E6D-ABF3-E3766F2A6290}.Debug Singlethreaded|x64.ActiveCfg = Debug|x64
		{E0BC0CD4-EDB3-4E6D-ABF3-E3766F2A6290}.Debug Singlethreaded|x64.Build.0 = Debug|x64
		{E0BC0CD4-EDB3-4E6D-ABF3-E3766F2A6290}.Debug Singlethreaded|x86.ActiveCfg = Debug|Win32
		{E0BC0CD4-EDB3-4E6D-ABF3-E3766F2A6290}.Debug Singlethreaded|x86.Build.0 = Debug|Win32
		{E0BC0CD4-EDB3-4E6D-ABF3-E3766F2A6290}.Debug|x64.ActiveCfg = Debug|x64
		{E0BC0CD4-EDB3-4E6D-ABF3-E3766F2A6290}.Debug|x64.Build.0 = Debug|x64
		{E0BC0CD4-EDB3-4E6D-ABF3-E3766F2A6290}.Debug|x86.ActiveCfg = Debug|Win32
		{E0BC0CD4-EDB3-4E6D-ABF3-E3766F2A6290}.Debug|x86.Build.0 = Debug|Win32
		{E0BC0CD4-EDB3-4E6D-ABF3-E3766F2A6290}.DebugDLL|x64.ActiveCfg = Debug|x64
		{E0BC0CD4-EDB3-4E6D-ABF3-E3766F2A6290}.DebugDLL|x64.Build.0 = Debug|x64
		{E0BC0CD4-EDB3-4E6D-ABF3-E3766F2A6290}.DebugDLL|x86.ActiveCfg = Debug|Win32
		{E0BC0CD4-EDB3-4E6D-ABF3-E3766F2A6290}.DebugDLL|x86.Build.0 = Debug|Win32
		{E0BC0CD4-EDB3-4E6D-ABF3-E3766F2A6290}.Release Multithreaded|x64.ActiveCfg = Release|x64
		{E0BC0CD4-EDB3-4E6D-ABF3-E3766F2A6290}.Release Multithreaded|x64.Build.0 = Release|x64
		{E0BC0CD4-EDB3-4E6D-ABF3-E3766F2A6290}.Release Multithreaded|x86.ActiveCfg = Release|Win32
		{E0BC0CD4-EDB3-4E6D-ABF3-E3766F2A6290}.Release Multithreaded|x86.Build.0 = Release|Win32
		{E0BC0CD4-EDB3-4E6D-ABF3-E3766F2A6290}.Release Singlethreaded|x64.ActiveCfg = Release|x64
		{E0BC0CD4-EDB3-4E6D-ABF3-E3766F2A6290}.Release Singlethreaded|x64.Build.0 = Release|x64
		{E0BC0CD4-EDB3-4E6D-ABF3-E3766F2A6290}.Release Singlethreaded|x86.ActiveCfg = Release|Win32
		{E0BC0CD4-EDB3-4E6D-ABF3-E3766F2A6290}.Release Singlethreaded|x86.Build.0 = Release|Win32
		{E0BC0CD4-EDB3-4E6D-ABF3-E3766F2A6290}.Release|x64.ActiveCfg = Release|x64
		{E0BC0CD4-EDB3-4E6D-ABF3-E3766F2A6290}.Release|x64.Build.0 = Release|x64
		{E0BC0CD4-EDB3-4E6D-ABF3-E3766F2A6290}.Release|x86.ActiveCfg = Release|Win32
		{E0BC0CD4-EDB3-4E6D-ABF3-E3766F2A6290}.Release|x86.Build.0 = Release|Win32
		{E0BC0CD4-EDB3-4E6D-ABF3-E3766F2A6290}.ReleaseDLL|x64.ActiveCfg = Release|x64
		{E0BC0CD4-EDB3-4E6D-ABF3-E3766F2A6290}.ReleaseDLL|x64.Build.0 = Release|x64
		{E0BC0CD4-EDB3-4E6D-ABF3-E3766F2A6290}.ReleaseDLL|x86.ActiveCfg = Release|Win32
		{E0BC0CD4-EDB3-4E6D-ABF3-E3766F2A6290}.ReleaseDLL|x86.Build.0 = Release|Win32
		{2EC33319-22B2-4E1B-AB53-0A6E8B906735}.Debug Multithreaded|x64.ActiveCfg = Debug|x64
		{2EC33319-22B2-4E1B-AB53-0A6E8B906735}.Debug Multithreaded|x64.Build.0 = Debug|x64
		{2EC33319-22B2-4E1B-AB53-0A6E8B906735}.Debug Multithreaded|x86.ActiveCfg = Debug|Win32
		{2EC33319-22B2-4E1B-AB53-0A6E8B906735}.Debug Multithreaded|x86.Build.0 = Debug|Win32
		{2EC33319-22B2-4E1B-AB53-0A6E8B906735}.Debug Singlethreaded|x64.ActiveCfg = Debug|x64
		{2EC33319-22B2-4E1B-AB53-0A6E8B906735}.Debug Singlethreaded|x64.Build.0 = Debug|x64
		{2EC33319-22B2-4E1B-AB53-0A6E8B906735}.Debug Singlethreaded|x86.ActiveCfg = Debug|Win32
		{2EC33319-22B2-4E1B-AB53-0A6E8B906735}.Debug Singlethreaded|x86.Build.0 = Debug|Win32
		{2EC33319-22B2-4E1B-AB53-0A6E8B906735}.Debug|x64.ActiveCfg = Debug|x64
		{2EC33319-22B2-4E1B-AB53-0A6E8B906735}.Debug|x64.Build.0 = Debug|x64
		{2EC33319-22B2-4E1B-AB53-0A6E8B906735}.Debug|x86.ActiveCfg = Debug|Win32
		{2EC33319-22B2-4E1B-AB53-0A6E8B906735}.Debug|x86.Build.0 = Debug|Win32
		{2EC33319-22B2-4E1B-AB53-0A6E8B906735}.DebugDLL|x64.ActiveCfg = Debug|x64
		{2EC33319-22B2-4E1B-AB53-0A6E8B906735}.DebugDLL|x64.Build.0 = Debug|x64
		{2EC33319-22B2-4E1B-AB53-0A6E8B906735}.DebugDLL|x86.ActiveCfg = Debug|Win32
		{2EC33319-22B2-4E1B-AB53-0A6E8B906735}.DebugDLL|x86.Build.0 = Debug|Win32
		{2EC33319-22B2-4E1B-AB53-0A6E8B906735}.Release Multithreaded|x64.ActiveCfg = Release|x64
		{2EC33319-22B2-4E1B-AB53-0A6E8B906735}.Release Multithreaded|x64.Build.0 = Release|x64
		{2EC33319-22B2-4E1B-AB53-0A6E8B906735}.Release Multithreaded|x86.ActiveCfg = Release|Win32
		{2EC33319-22B2-4E1B-AB53-0A6E8B906735}.Release Multithreaded|x86.Build.0 = Release|Win32
		{2EC33319-22B2-4E1B-AB53-0A6E8B906735}.Release Singlethreaded|x64.ActiveCfg = Release|x64
		{2EC33319-22B2-4E1B-AB53-0A6E8B906735}.Release Singlethreaded|x64.Build.0 = Release|x64
		{2EC33319-22B2-4E1B-AB53-0A6E8B906735}.Release Singlethreaded|x86.ActiveCfg = Release|Win32
		{2EC33319-22B2-4E1B-AB53-0A6E8B906735}.Release Singlethreaded|x86.Build.0 = Release|Win32
		{2EC33319-22B2-4E1B-AB53-0A6E8B906735}.Release|x64.ActiveCfg = Release|x64
		{2EC33319-22B2-4E1B-AB53-0A6E8B906735}.Release|x64.Build.0 = Release|x64
		{2EC33319-22B2-4E1B-AB53-0A6E8B906735}.Release|x86.ActiveCfg = Release|Win32
		{2EC33319-22B2-4E1B-AB53-0A6E8B906735}.Release|x86.Build.0 = Release|Win32
		{2EC33319-22B2-4E1B-AB53-0A6E8B906735}.ReleaseDLL|x64.ActiveCfg = Release|x64
		{2EC33319-22B2-4E1B-AB53-0A6E8B906735}.ReleaseDLL|x64.Build.0 = Release|x64
		{2EC33319-22B2-4E1B-AB53-0A6E8B906735}.ReleaseDLL|x86.ActiveCfg = Release|Win32
		{2EC33319-22B2-4E1B-AB53-0A6E8B906735}.ReleaseDLL|x86.Build.0 = Release|Win32
		{78B079BD-9FC7-4B9E-B4A6-96DA0F00248B}.Debug Multithreaded|x64.ActiveCfg = Debug Multithreaded|Win32
		{78B079BD-9FC7-4B9E-B4A6-96DA0F00248B}.Debug Multithreaded|x86.ActiveCfg = Debug Multithreaded|Win32
		{78B079BD-9FC7-4B9E-B4A6-96DA0F00248B}.Debug Multithreaded|x86.Build.0 = Debug Multithreaded|Win32
		{78B079BD-9FC7-4B9E-B4A6-96DA0F00248B}.Debug Singlethreaded|x64.ActiveCfg = Debug Singlethreaded|Win32
		{78B079BD-9FC7-4B9E-B4A6-96DA0F00248B}.Debug Singlethreaded|x86.ActiveCfg = Debug Singlethreaded|Win32
		{78B079BD-9FC7-4B9E-B4A6-96DA0F00248B}.Debug Singlethreaded|x86.Build.0 = Debug Singlethreaded|Win32
		{78B079BD-9FC7-4B9E-B4A6-96DA0F00248B}.Debug|x64.ActiveCfg = Debug|Win32
		{78B079BD-9FC7-4B9E-B4A6-96DA0F00248B}.Debug|x86.ActiveCfg = Debug|Win32
		{78B079BD-9FC7-4B9E-B4A6-96DA0F00248B}.Debug|x86.Build.0 = Debug|Win32
		{78B079BD-9FC7-4B9E-B4A6-96DA0F00248B}.DebugDLL|x64.ActiveCfg = Release|Win32
		{78B079BD-9FC7-4B9E-B4A6-96DA0F00248B}.DebugDLL|x64.Build.0 = Release|Win32
		{78B079BD-9FC7-4B9E-B4A6-96DA0F00248B}.DebugDLL|x86.ActiveCfg = Debug|Win32
		{78B079BD-9FC7-4B9E-B4A6-96DA0F00248B}.DebugDLL|x86.Build.0 = Debug|Win32
		{78B079BD-9FC7-4B9E-B4A6-96DA0F00248B}.Release Multithreaded|x64.ActiveCfg = Release Multithreaded|Win32
		{78B079BD-9FC7-4B9E-B4A6-96DA0F00248B}.Release Multithreaded|x86.ActiveCfg = Release Multithreaded|Win32
		{78B079BD-9FC7-4B9E-B4A6-96DA0F00248B}.Release Multithreaded|x86.Build.0 = Release Multithreaded|Win32
		{78B079BD-9FC7-4B9E-B4A6-96DA0F00248B}.Release Singlethreaded|x64.ActiveCfg = Release Singlethreaded|Win32
		{78B079BD-9FC7-4B9E-B4A6-96DA0F00248B}.Release Singlethreaded|x86.ActiveCfg = Release Singlethreaded|Win32
		{78B079BD-9FC7-4B9E-B4A6-96DA0F00248B}.Release Singlethreaded|x86.Build.0 = Release Singlethreaded|Win32
		{78B079BD-9FC7-4B9E-B4A6-96DA0F00248B}.Release|x64.ActiveCfg = Release|Win32
		{78B079BD-9FC7-4B9E-B4A6-96DA0F00248B}.Release|x86.ActiveCfg = Release|Win32
		{78B079BD-9FC7-4B9E-B4A6-96DA0F00248B}.Release|x86.Build.0 = Release|Win32
		{78B079BD-9FC7-4B9E-B4A6-96DA0F00248B}.ReleaseDLL|x64.ActiveCfg = Release|Win32
		{78B079BD-9FC7-4B9E-B4A6-96DA0F00248B}.ReleaseDLL|x64.Build.0 = Release|Win32
		{78B079BD-9FC7-4B9E-B4A6-96DA0F00248B}.ReleaseDLL|x86.ActiveCfg = Release|Win32
		{78B079BD-9FC7-4B9E-B4A6-96DA0F00248B}.ReleaseDLL|x86.Build.0 = Release|Win32
		{1178CF2D-705F-4113-B286-D10D43DA3039}.Debug Multithreaded|x64.ActiveCfg = Debug|x64
		{1178CF2D-705F-4113-B286-D10D43DA3039}.Debug Multithreaded|x64.Build.0 = Debug|x64
		{1178CF2D-705F-4113-B286-D10D43DA3039}.Debug Multithreaded|x86.ActiveCfg = Debug|Win32
		{1178CF2D-705F-4113-B286-D10D43DA3039}.Debug Multithreaded|x86.Build.0 = Debug|Win32
		{1178CF2D-705F-4113-B286-D10D43DA3039}.Debug Singlethreaded|x64.ActiveCfg = Debug|x64
		{1178CF2D-705F-4113-B286-D10D43DA3039}.Debug Singlethreaded|x64.Build.0 = Debug|x64
		{1178CF2D-705F-4113-B286-D10D43DA3039}.Debug Singlethreaded|x86.ActiveCfg = Debug|Win32
		{1178CF2D-705F-4113-B286-D10D43DA3039}.Debug Singlethreaded|x86.Build.0 = Debug|Win32
		{1178CF2D-705F-4113-B286-D10D43DA3039}.Debug|x64.ActiveCfg = Debug|x64
		{1178CF2D-705F-4113-B286-D10D43DA3039}.Debug|x64.Build.0 = Debug|x64
		{1178CF2D-705F-4113-B286-D10D43DA3039}.Debug|x86.ActiveCfg = Debug|Win32
		{1178CF2D-705F-4113-B286-D10D43DA3039}.Debug|x86.Build.0 = Debug|Win32
		{1178CF2D-705F-4113-B286-D10D43DA3039}.DebugDLL|x64.ActiveCfg = Debug|x64
		{1178CF2D-705F-4113-B286-D10D43DA3039}.DebugDLL|x64.Build.0 = Debug|x64
		{1178CF2D-705F-4113-B286-D10D43DA3039}.DebugDLL|x86.ActiveCfg = Debug|Win32
		{1178CF2D-705F-4113-B286-D10D43DA3039}.DebugDLL|x86.Build.0 = Debug|Win32
		{1178CF2D-705F-4113-B286-D10D43DA3039}.Release Multithreaded|x64.ActiveCfg = Release|x64
		{1178CF2D-705F-4113-B286-D10D43DA3039}.Release Multithreaded|x64.Build.0 = Release|x64
		{1178CF2D-705F-4113-B286-D10D43DA3039}.Release Multithreaded|x86.ActiveCfg = Release|Win32
		{1178CF2D-705F-4113-B286-D10D43DA3039}.Release Multithreaded|x86.Build.0 = Release|Win32
		{1178CF2D-705F-4113-B286-D10D43DA3039}.Release Singlethreaded|x64.ActiveCfg = Release|x64
		{1178CF2D-705F-4113-B286-D10D43DA3039}.Release Singlethreaded|x64.Build.0 = Release|x64
		{1178CF2D-705F-4113-B286-D10D43DA3039}.Release Singlethreaded|x86.ActiveCfg = Release|Win32
		{1178CF2D-705F-4113-B286-D10D43DA3039}.Release Singlethreaded|x86.Build.0 = Release|Win32
		{1178CF2D-705F-4113-B286-D10D43DA3039}.Release|x64.ActiveCfg = Release|x64
		{1178CF2D-705F-4113-B286-D10D43DA3039}.Release|x64.Build.0 = Release|x64
		{1178CF2D-705F-4113-B286-D10D43DA3039}.Release|x86.ActiveCfg = Release|Win32
		{1178CF2D-705F-4113-B286-D10D43DA3039}.Release|x86.Build.0 = Release|Win32
		{1178CF2D-705F-4113-B286-D10D43DA3039}.ReleaseDLL|x64.ActiveCfg = Release|x64
		{1178CF2D-705F-4113-B286-D10D43DA3039}.ReleaseDLL|x64.Build.0 = Release|x64
		{1178CF2D-705F-4113-B286-D10D43DA3039}.ReleaseDLL|x86.ActiveCfg = Release|Win32
		{1178CF2D-705F-4113-B286-D10D43DA3039}.ReleaseDLL|x86.Build.0 = Release|Win32
		{C091B95A-81FE-4AB4-B448-2BA8F80A36E2}.Debug Multithreaded|x64.ActiveCfg = Debug|x64
		{C091B95A-81FE-4AB4-B448-2BA8F80A36E2}.Debug Multithreaded|x64.Build.0 = Debug|x64
		{C091B95A-81FE-4AB4-B448-2BA8F80A36E2}.Debug Multithreaded|x86.ActiveCfg = Debug|Win32
		{C091B95A-81FE-4AB4-B448-2BA8F80A36E2}.Debug Multithreaded|x86.Build.0 = Debug|Win32
		{C091B95A-81FE-4AB4-B448-2BA8F80A36E2}.Debug Singlethreaded|x64.ActiveCfg = Debug|x64
		{C091B95A-81FE-4AB4-B448-2BA8F80A36E2}.Debug Singlethreaded|x64.Build.0 = Debug|x64
		{C091B95A-81FE-4AB4-B448-2BA8F80A36E2}.Debug Singlethreaded|x86.ActiveCfg = Debug|Win32
		{C091B95A-81FE-4AB4-B448-2BA8F80A36E2}.Debug Singlethreaded|x86.Build.0 = Debug|Win32
		{C091B95A-81FE-4AB4-B448-2BA8F80A36E2}.Debug|x64.ActiveCfg = Debug|x64
		{C091B95A-81FE-4AB4-B448-2BA8F80A36E2}.Debug|x64.Build.0 = Debug|x64
		{C091B95A-81FE-4AB4-B448-2BA8F80A36E2}.Debug|x86.ActiveCfg = Debug|Win32
		{C091B95A-81FE-4AB4-B448-2BA8F80A36E2}.Debug|x86.Build.0 = Debug|Win32
		{C091B95A-81FE-4AB4-B448-2BA8F80A36E2}.DebugDLL|x64.ActiveCfg = Debug|x64
		{C091B95A-81FE-4AB4-B448-2BA8F80A36E2}.DebugDLL|x64.Build.0 = Debug|x64
		{C091B95A-81FE-4AB4-B448-2BA8F80A36E2}.DebugDLL|x86.ActiveCfg = Debug|Win32
		{C091B95A-81FE-4AB4-B448-2BA8F80A36E2}.DebugDLL|x86.Build.0 = Debug|Win32
		{C091B95A-81FE-4AB4-B448-2BA8F80A36E2}.Release Multithreaded|x64.ActiveCfg = Release|x64
		{C091B95A-81FE-4AB4-B448-2BA8F80A36E2}.Release Multithreaded|x64.Build.0 = Release|x64
		{C091B95A-81FE-4AB4-B448-2BA8F80A36E2}.Release Multithreaded|x86.ActiveCfg = Release|Win32
		{C091B95A-81FE-4AB4-B448-2BA8F80A36E2}.Release Multithreaded|x86.Build.0 = Release|Win32
		{C091B95A-81FE-4AB4-B448-2BA8F80A36E2}.Release Singlethreaded|x64.ActiveCfg = Release|x64
		{C091B95A-81FE-4AB4-B448-2BA8F80A36E2}.Release Singlethreaded|x64.Build.0 = Release|x64
		{C091B95A-81FE-4AB4-B448-2BA8F80A36E2}.Release Singlethreaded|x86.ActiveCfg = Release|Win32
		{C091B95A-81FE-4AB4-B448-2BA8F80A36E2}.Release Singlethreaded|x86.Build.0 = Release|Win32
		{C091B95A-81FE-4AB4-B448-2BA8F80A36E2}.Release|x64.ActiveCfg = Release|x64
		{C091B95A-81FE-4AB4-B448-2BA8F80A36E2}.Release|x64.Build.0 = Release|x64
		{C091B95A-81FE-4AB4-B448-2BA8F80A36E2}.Release|x86.ActiveCfg = Release|Win32
		{C091B95A-81FE-4AB4-B448-2BA8F80A36E2}.Release|x86.Build.0 = Release|Win32
		{C091B95A-81FE-4AB4-B448-2BA8F80A36E2}.ReleaseDLL|x64.ActiveCfg = Release|x64
		{C091B95A-81FE-4AB4-B448-2BA8F80A36E2}.ReleaseDLL|x64.Build.0 = Release|x64
		{C091B95A-81FE-4AB4-B448-2BA8F80A36E2}.ReleaseDLL|x86.ActiveCfg = Release|Win32
		{C091B95A-81FE-4AB4-B448-2BA8F80A36E2}.ReleaseDLL|x86.Build.0 = Release|Win32
		{02CBF20F-A794-404B-BDE8-9E37FB2ED681}.Debug Multithreaded|x64.ActiveCfg = Debug|x64
		{02CBF20F-A794-404B-BDE8-9E37FB2ED681}.Debug Multithreaded|x64.Build.0 = Debug|x64
		{02CBF20F-A794-404B-BDE8-9E37FB2ED681}.Debug Multithreaded|x86.ActiveCfg = Debug|Win32
		{02CBF20F-A794-404B-BDE8-9E37FB2ED681}.Debug Multithreaded|x86.Build.0 = Debug|Win32
		{02CBF20F-A794-404B-BDE8-9E37FB2ED681}.Debug Singlethreaded|x64.ActiveCfg = Debug|x64
		{02CBF20F-A794-404B-BDE8-9E37FB2ED681}.Debug Singlethreaded|x64.Build.0 = Debug|x64
		{02CBF20F-A794-404B-BDE8-9E37FB2ED681}.Debug Singlethreaded|x86.ActiveCfg = Debug|Win32
		{02CBF20F-A794-404B-BDE8-9E37FB2ED681}.Debug Singlethreaded|x86.Build.0 = Debug|Win32
		{02CBF20F-A794-404B-BDE8-9E37FB2ED681}.Debug|x64.ActiveCfg = Debug|x64
		{02CBF20F-A794-404B-BDE8-9E37FB2ED681}.Debug|x64.Build.0 = Debug|x64
		{02CBF20F-A794-404B-BDE8-9E37FB2ED681}.Debug|x86.ActiveCfg = Debug|Win32
		{02CBF20F-A794-404B-BDE8-9E37FB2ED681}.Debug|x86.Build.0 = Debug|Win32
		{02CBF20F-A794-404B-BDE8-9E37FB2ED681}.DebugDLL|x64.ActiveCfg = Debug|x64
		{02CBF20F-A794-404B-BDE8-9E37FB2ED681}.DebugDLL|x64.Build.0 = Debug|x64
		{02CBF20F-A794-404B-BDE8-9E37FB2ED681}.DebugDLL|x86.ActiveCfg = Debug|Win32
		{02CBF20F-A794-404B-BDE8-9E37FB2ED681}.DebugDLL|x86.Build.0 = Debug|Win32
		{02CBF20F-A794-404B-BDE8-9E37FB2ED681}.Release Multithreaded|x64.ActiveCfg = Release|x64
		{02CBF20F-A794-404B-BDE8-9E37FB2ED681}.Release Multithreaded|x64.Build.0 = Release|x64
		{02CBF20F-A794-404B-BDE8-9E37FB2ED681}.Release Multithreaded|x86.ActiveCfg = Release|Win32
		{02CBF20F-A794-404B-BDE8-9E37FB2ED681}.Release Multithreaded|x86.Build.0 = Release|Win32
		{02CBF20F-A794-404B-BDE8-9E37FB2ED681}.Release Singlethreaded|x64.ActiveCfg = Release|x64
		{02CBF20F-A794-404B-BDE8-9E37FB2ED681}.Release Singlethreaded|x64.Build.0 = Release|x64
		{02CBF20F-A794-404B-BDE8-9E37FB2ED681}.Release Singlethreaded|x86.ActiveCfg = Release|Win32
		{02CBF20F-A794-404B-BDE8-9E37FB2ED681}.Release Singlethreaded|x86.Build.0 = Release|Win32
		{02CBF20F-A794-404B-BDE8-9E37FB2ED681}.Release|x64.ActiveCfg = Release|x64
		{02CBF20F-A794-404B-BDE8-9E37FB2ED681}.Release|x64.Build.0 = Release|x64
		{02CBF20F-A794-404B-BDE8-9E37FB2ED681}.Release|x86.ActiveCfg = Release|Win32
		{02CBF20F-A794-404B-BDE8-9E37FB2ED681}.Release|x86.Build.0 = Release|Win32
		{02CBF20F-A794-404B-BDE8-9E37FB2ED681}.ReleaseDLL|x64.ActiveCfg = Release|x64
		{02CBF20F-A794-404B-BDE8-9E37FB2ED681}.ReleaseDLL|x64.Build.0 = Release|x64
		{02CBF20F-A794-404B-BDE8-9E37FB2ED681}.ReleaseDLL|x86.ActiveCfg = Release|Win32
		{02CBF20F-A794-404B-BDE8-9E37FB2ED681}.ReleaseDLL|x86.Build.0 = Release|Win32
		{DA4EA8BC-FE01-4287-83BE-D7A06A27E397}.Debug Multithreaded|x64.ActiveCfg = Debug|x64
		{DA4EA8BC-FE01-4287-83BE-D7A06A27E397}.Debug Multithreaded|x64.Build.0 = Debug|x64
		{DA4EA8BC-FE01-4287-83BE-D7A06A27E397}.Debug Multithreaded|x86.ActiveCfg = Debug|Win32
		{DA4EA8BC-FE01-4287-83BE-D7A06A27E397}.Debug Multithreaded|x86.Build.0 = Debug|Win32
		{DA4EA8BC-FE01-4287-83BE-D7A06A27E397}.Debug Singlethreaded|x64.ActiveCfg = Debug|x64
		{DA4EA8BC-FE01-4287-83BE-D7A06A27E397}.Debug Singlethreaded|x64.Build.0 = Debug|x64
		{DA4EA8BC-FE01-4287-83BE-D7A06A27E397}.Debug Singlethreaded|x86.ActiveCfg = Debug|Win32
		{DA4EA8BC-FE01-4287-83BE-D7A06A27E397}.Debug Singlethreaded|x86.Build.0 = Debug|Win32
		{DA4EA8BC-FE01-4287-83BE-D7A06A27E397}.Debug|x64.ActiveCfg = Debug|x64
		{DA4EA8BC-FE01-4287-83BE-D7A06A27E397}.Debug|x64.Build.0 = Debug|x64
		{DA4EA8BC-FE01-4287-83BE-D7A06A27E397}.Debug|x86.ActiveCfg = Debug|Win32
		{DA4EA8BC-FE01-4287-83BE-D7A06A27E397}.Debug|x86.Build.0 = Debug|Win32
		{DA4EA8BC-FE01-4287-83BE-D7A06A27E397}.DebugDLL|x64.ActiveCfg = Debug|x64
		{DA4EA8BC-FE01-4287-83BE-D7A06A27E397}.DebugDLL|x64.Build.0 = Debug|x64
		{DA4EA8BC-FE01-4287-83BE-D7A06A27E397}.DebugDLL|x86.ActiveCfg = Debug|Win32
		{DA4EA8BC-FE01-4287-83BE-D7A06A27E397}.DebugDLL|x86.Build.0 = Debug|Win32
		{DA4EA8BC-FE01-4287-83BE-D7A06A27E397}.Release Multithreaded|x64.ActiveCfg = Release|x64
		{DA4EA8BC-FE01-4287-83BE-D7A06A27E397}.Release Multithreaded|x64.Build.0 = Release|x64
		{DA4EA8BC-FE01-4287-83BE-D7A06A27E397}.Release Multithreaded|x86.ActiveCfg = Release|Win32
		{DA4EA8BC-FE01-4287-83BE-D7A06A27E397}.Release Multithreaded|x86.Build.0 = Release|Win32
		{DA4EA8BC-FE01-4287-83BE-D7A06A27E397}.Release Singlethreaded|x64.ActiveCfg = Release|x64
		{DA4EA8BC-FE01-4287-83BE-D7A06A27E397}.Release Singlethreaded|x64.Build.0 = Release|x64
		{DA4EA8BC-FE01-4287-83BE-D7A06A27E397}.Release Singlethreaded|x86.ActiveCfg = Release|Win32
		{DA4EA8BC-FE01-4287-83BE-D7A06A27E397}.Release Singlethreaded|x86.Build.0 = Release|Win32
		{DA4EA8BC-FE01-4287-83BE-D7A06A27E397}.Release|x64.ActiveCfg = Release|x64
		{DA4EA8BC-FE01-4287-83BE-D7A06A27E397}.Release|x64.Build.0 = Release|x64
		{DA4EA8BC-FE01-4287-83BE-D7A06A27E397}.Release|x86.ActiveCfg = Release|Win32
		{DA4EA8BC-FE01-4287-83BE-D7A06A27E397}.Release|x86.Build.0 = Release|Win32
		{DA4EA8BC-FE01-4287-83BE-D7A06A27E397}.ReleaseDLL|x64.ActiveCfg = Release|x64
		{DA4EA8BC-FE01-4287-83BE-D7A06A27E397}.ReleaseDLL|x64.Build.0 = Release|x64
		{DA4EA8BC-FE01-4287-83BE-D7A06A27E397}.ReleaseDLL|x86.ActiveCfg = Release|Win32
		{DA4EA8BC-FE01-4287-83BE-D7A06A27E397}.ReleaseDLL|x86.Build.0 = Release|Win32
		{0530EE73-F2C1-4B5B-82BA-EC982D3C4E5E}.Debug Multithreaded|x64.ActiveCfg = Debug|x64
		{0530EE73-F2C1-4B5B-82BA-EC982D3C4E5E}.Debug Multithreaded|x64.Build.0 = Debug|x64
		{0530EE73-F2C1-4B5B-82BA-EC982D3C4E5E}.Debug Multithreaded|x86.ActiveCfg = Debug|Win32
		{0530EE73-F2C1-4B5B-82BA-EC982D3C4E5E}.Debug Multithreaded|x86.Build.0 = Debug|Win32
		{0530EE73-F2C1-4B5B-82BA-EC982D3C4E5E}.Debug Singlethreaded|x64.ActiveCfg = Debug|x64
		{0530EE73-F2C1-4B5B-82BA-EC982D3C4E5E}.Debug Singlethreaded|x64.Build.0 = Debug|x64
		{0530EE73-F2C1-4B5B-82BA-EC982D3C4E5E}.Debug Singlethreaded|x86.ActiveCfg = Debug|Win32
		{0530EE73-F2C1-4B5B-82BA-EC982D3C4E5E}.Debug Singlethreaded|x86.Build.0 = Debug|Win32
		{0530EE73-F2C1-4B5B-82BA-EC982D3C4E5E}.Debug|x64.ActiveCfg = Debug|x64
		{0530EE73-F2C1-4B5B-82BA-EC982D3C4E5E}.Debug|x64.Build.0 = Debug|x64
		{0530EE73-F2C1-4B5B-82BA-EC982D3C4E5E}.Debug|x86.ActiveCfg = Debug|Win32
		{0530EE73-F2C1-4B5B-82BA-EC982D3C4E5E}.Debug|x86.Build.0 = Debug|Win32
		{0530EE73-F2C1-4B5B-82BA-EC982D3C4E5E}.DebugDLL|x64.ActiveCfg = Debug|x64
		{0530EE73-F2C1-4B5B-82BA-EC982D3C4E5E}.DebugDLL|x64.Build.0 = Debug|x64
		{0530EE73-F2C1-4B5B-82BA-EC982D3C4E5E}.DebugDLL|x86.ActiveCfg = Debug|Win32
		{0530EE73-F2C1-4B5B-82BA-EC982D3C4E5E}.DebugDLL|x86.Build.0 = Debug|Win32
		{0530EE73-F2C1-4B5B-82BA-EC982D3C4E5E}.Release Multithreaded|x64.ActiveCfg = Release|x64
		{0530EE73-F2C1-4B5B-82BA-EC982D3C4E5E}.Release Multithreaded|x64.Build.0 = Release|x64
		{0530EE73-F2C1-4B5B-82BA-EC982D3C4E5E}.Release Multithreaded|x86.ActiveCfg = Release|Win32
		{0530EE73-F2C1-4B5B-82BA-EC982D3C4E5E}.Release Multithreaded|x86.Build.0 = Release|Win32
		{0530EE73-F2C1-4B5B-82BA-EC982D3C4E5E}.Release Singlethreaded|x64.ActiveCfg = Release|x64
		{0530EE73-F2C1-4B5B-82BA-EC982D3C4E5E}.Release Singlethreaded|x64.Build.0 = Release|x64
		{0530EE73-F2C1-4B5B-82BA-EC982D3C4E5E}.Release Singlethreaded|x86.ActiveCfg = Release|Win32
		{0530EE73-F2C1-4B5B-82BA-EC982D3C4E5E}.Release Singlethreaded|x86.Build.0 = Release|Win32
		{0530EE73-F2C1-4B5B-82BA-EC982D3C4E5E}.Release|x64.ActiveCfg = Release|x64
		{0530EE73-F2C1-4B5B-82BA-EC982D3C4E5E}.Release|x64.Build.0 = Release|x64
		{0530EE73-F2C1-4B5B-82BA-EC982D3C4E5E}.Release|x86.ActiveCfg = Release|Win32
		{0530EE73-F2C1-4B5B-82BA-EC982D3C4E5E}.Release|x86.Build.0 = Release|Win32
		{0530EE73-F2C1-4B5B-82BA-EC982D3C4E5E}.ReleaseDLL|x64.ActiveCfg = Release|x64
		{0530EE73-F2C1-4B5B-82BA-EC982D3C4E5E}.ReleaseDLL|x64.Build.0 = Release|x64
		{0530EE73-F2C1-4B5B-82BA-EC982D3C4E5E}.ReleaseDLL|x86.ActiveCfg = Release|Win32
		{0530EE73-F2C1-4B5B-82BA-EC982D3C4E5E}.ReleaseDLL|x86.Build.0 = Release|Win32
		{55478F3D-6E30-4735-9FF9-79F7A91F5606}.Debug Multithreaded|x64.ActiveCfg = Debug|x64
		{55478F3D-6E30-4735-9FF9-79F7A91F5606}.Debug Multithreaded|x64.Build.0 = Debug|x64
		{55478F3D-6E30-4735-9FF9-79F7A91F5606}.Debug Multithreaded|x86.ActiveCfg = Debug|Win32
		{55478F3D-6E30-4735-9FF9-79F7A91F5606}.Debug Multithreaded|x86.Build.0 = Debug|Win32
		{55478F3D-6E30-4735-9FF9-79F7A91F5606}.Debug Singlethreaded|x64.ActiveCfg = Debug|x64
		{55478F3D-6E30-4735-9FF9-79F7A91F5606}.Debug Singlethreaded|x64.Build.0 = Debug|x64
		{55478F3D-6E30-4735-9FF9-79F7A91F5606}.Debug Singlethreaded|x86.ActiveCfg = Debug|Win32
		{55478F3D-6E30-4735-9FF9-79F7A91F5606}.Debug Singlethreaded|x86.Build.0 = Debug|Win32
		{55478F3D-6E30-4735-9FF9-79F7A91F5606}.Debug|x64.ActiveCfg = Debug|x64
		{55478F3D-6E30-4735-9FF9-79F7A91F5606}.Debug|x64.Build.0 = Debug|x64
		{55478F3D-6E30-4735-9FF9-79F7A91F5606}.Debug|x86.ActiveCfg = Debug|Win32
		{55478F3D-6E30-4735-9FF9-79F7A91F5606}.Debug|x86.Build.0 = Debug|Win32
		{55478F3D-6E30-4735-9FF9-79F7A91F5606}.DebugDLL|x64.ActiveCfg = Debug|x64
		{55478F3D-6E30-4735-9FF9-79F7A91F5606}.DebugDLL|x64.Build.0 = Debug|x64
		{55478F3D-6E30-4735-9FF9-79F7A91F5606}.DebugDLL|x86.ActiveCfg = Debug|Win32
		{55478F3D-6E30-4735-9FF9-79F7A91F5606}.DebugDLL|x86.Build.0 = Debug|Win32
		{55478F3D-6E30-4735-9FF9-79F7A91F5606}.Release Multithreaded|x64.ActiveCfg = Release|x64
		{55478F3D-6E30-4735-9FF9-79F7A91F5606}.Release Multithreaded|x64.Build.0 = Release|x64
		{55478F3D-6E30-4735-9FF9-79F7A91F5606}.Release Multithreaded|x86.ActiveCfg = Release|Win32
		{55478F3D-6E30-4735-9FF9-79F7A91F5606}.Release Multithreaded|x86.Build.0 = Release|Win32
		{55478F3D-6E30-4735-9FF9-79F7A91F5606}.Release Singlethreaded|x64.ActiveCfg = Release|x64
		{55478F3D-6E30-4735-9FF9-79F7A91F5606}.Release Singlethreaded|x64.Build.0 = Release|x64
		{55478F3D-6E30-4735-9FF9-79F7A91F5606}.Release Singlethreaded|x86.ActiveCfg = Release|Win32
		{55478F3D-6E30-4735-9FF9-79F7A91F5606}.Release Singlethreaded|x86.Build.0 = Release|Win32
		{55478F3D-6E30-4735-9FF9-79F7A91F5606}.Release|x64.ActiveCfg = Release|x64
		{55478F3D-6E30-4735-9FF9-79F7A91F5606}.Release|x64.Build.0 = Release|x64
		{55478F3D-6E30-4735-9FF9-79F7A91F5606}.Release|x86.ActiveCfg = Release|Win32
		{55478F3D-6E30-4735-9FF9-79F7A91F5606}.Release|x86.Build.0 = Release|Win32
		{55478F3D-6E30-4735-9FF9-79F7A91F5606}.ReleaseDLL|x64.ActiveCfg = Release|x64
		{55478F3D-6E30-4735-9FF9-79F7A91F5606}.ReleaseDLL|x64.Build.0 = Release|x64
		{55478F3D-6E30-4735-9FF9-79F7A91F5606}.ReleaseDLL|x86.ActiveCfg = Release|Win32
		{55478F3D-6E30-4735-9FF9-79F7A91F5606}.ReleaseDLL|x86.Build.0 = Release|Win32
		{D0F1813F-FC57-4283-9F4D-061433E3006D}.Debug Multithreaded|x64.ActiveCfg = Debug|x64
		{D0F1813F-FC57-4283-9F4D-061433E3006D}.Debug Multithreaded|x64.Build.0 = Debug|x64
		{D0F1813F-FC57-4283-9F4D-061433E3006D}.Debug Multithreaded|x86.ActiveCfg = Debug|Win32
		{D0F1813F-FC57-4283-9F4D-061433E3006D}.Debug Multithreaded|x86.Build.0 = Debug|Win32
		{D0F1813F-FC57-4283-9F4D-061433E3006D}.Debug Singlethreaded|x64.ActiveCfg = Debug|x64
		{D0F1813F-FC57-4283-9F4D-061433E3006D}.Debug Singlethreaded|x64.Build.0 = Debug|x64
		{D0F1813F-FC57-4283-9F4D-061433E3006D}.Debug Singlethreaded|x86.ActiveCfg = Debug|Win32
		{D0F1813F-FC57-4283-9F4D-061433E3006D}.Debug Singlethreaded|x86.Build.0 = Debug|Win32
		{D0F1813F-FC57-4283-9F4D-061433E3006D}.Debug|x64.ActiveCfg = Debug|x64
		{D0F1813F-FC57-4283-9F4D-061433E3006D}.Debug|x64.Build.0 = Debug|x64
		{D0F1813F-FC57-4283-9F4D-061433E3006D}.Debug|x86.ActiveCfg = Debug|Win32
		{D0F1813F-FC57-4283-9F4D-061433E3006D}.Debug|x86.Build.0 = Debug|Win32
		{D0F1813F-FC57-4283-9F4D-061433E3006D}.DebugDLL|x64.ActiveCfg = Debug|x64
		{D0F1813F-FC57-4283-9F4D-061433E3006D}.DebugDLL|x64.Build.0 = Debug|x64
		{D0F1813F-FC57-4283-9F4D-061433E3006D}.DebugDLL|x86.ActiveCfg = Debug|Win32
		{D0F1813F-FC57-4283-9F4D-061433E3006D}.DebugDLL|x86.Build.0 = Debug|Win32
		{D0F1813F-FC57-4283-9F4D-061433E3006D}.Release Multithreaded|x64.ActiveCfg = Release|x64
		{D0F1813F-FC57-4283-9F4D-061433E3006D}.Release Multithreaded|x64.Build.0 = Release|x64
		{D0F1813F-FC57-4283-9F4D-061433E3006D}.Release Multithreaded|x86.ActiveCfg = Release|Win32
		{D0F1813F-FC57-4283-9F4D-061433E3006D}.Release Multithreaded|x86.Build.0 = Release|Win32
		{D0F1813F-FC57-4283-9F4D-061433E3006D}.Release Singlethreaded|x64.ActiveCfg = Release|x64
		{D0F1813F-FC57-4283-9F4D-061433E3006D}.Release Singlethreaded|x64.Build.0 = Release|x64
		{D0F1813F-FC57-4283-9F4D-061433E3006D}.Release Singlethreaded|x86.ActiveCfg = Release|Win32
		{D0F1813F-FC57-4283-9F4D-061433E3006D}.Release Singlethreaded|x86.Build.0 = Release|Win32
		{D0F1813F-FC57-4283-9F4D-061433E3006D}.Release|x64.ActiveCfg = Release|x64
		{D0F1813F-FC57-4283-9F4D-061433E3006D}.Release|x64.Build.0 = Release|x64
		{D0F1813F-FC57-4283-9F4D-061433E3006D}.Release|x86.ActiveCfg = Release|Win32
		{D0F1813F-FC57-4283-9F4D-061433E3006D}.Release|x86.Build.0 = Release|Win32
		{D0F1813F-FC57-4283-9F4D-061433E3006D}.ReleaseDLL|x64.ActiveCfg = Release|x64
		{D0F1813F-FC57-4283-9F4D-061433E3006D}.ReleaseDLL|x64.Build.0 = Release|x64
		{D0F1813F-FC57-4283-9F4D-061433E3006D}.ReleaseDLL|x86.ActiveCfg = Release|Win32
		{D0F1813F-FC57-4283-9F4D-061433E3006D}.ReleaseDLL|x86.Build.0 = Release|Win32
		{5FA33EF3-FF7E-43D3-A3E5-7364C491E089}.Debug Multithreaded|x64.ActiveCfg = Debug|x64
		{5FA33EF3-FF7E-43D3-A3E5-7364C491E089}.Debug Multithreaded|x64.Build.0 = Debug|x64
		{5FA33EF3-FF7E-43D3-A3E5-7364C491E089}.Debug Multithreaded|x86.ActiveCfg = Debug|Win32
		{5FA33EF3-FF7E-43D3-A3E5-7364C491E089}.Debug Multithreaded|x86.Build.0 = Debug|Win32
		{5FA33EF3-FF7E-43D3-A3E5-7364C491E089}.Debug Singlethreaded|x64.ActiveCfg = Debug|x64
		{5FA33EF3-FF7E-43D3-A3E5-7364C491E089}.Debug Singlethreaded|x64.Build.0 = Debug|x64
		{5FA33EF3-FF7E-43D3-A3E5-7364C491E089}.Debug Singlethreaded|x86.ActiveCfg = Debug|Win32
		{5FA33EF3-FF7E-43D3-A3E5-7364C491E089}.Debug Singlethreaded|x86.Build.0 = Debug|Win32
		{5FA33EF3-FF7E-43D3-A3E5-7364C491E089}.Debug|x64.ActiveCfg = Debug|x64
		{5FA33EF3-FF7E-43D3-A3E5-7364C491E089}.Debug|x64.Build.0 = Debug|x64
		{5FA33EF3-FF7E-43D3-A3E5-7364C491E089}.Debug|x86.ActiveCfg = Debug|Win32
		{5FA33EF3-FF7E-43D3-A3E5-7364C491E089}.Debug|x86.Build.0 = Debug|Win32
		{5FA33EF3-FF7E-43D3-A3E5-7364C491E089}.DebugDLL|x64.ActiveCfg = Debug|x64
		{5FA33EF3-FF7E-43D3-A3E5-7364C491E089}.DebugDLL|x64.Build.0 = Debug|x64
		{5FA33EF3-FF7E-43D3-A3E5-7364C491E089}.DebugDLL|x86.ActiveCfg = Debug|Win32
		{5FA33EF3-FF7E-43D3-A3E5-7364C491E089}.DebugDLL|x86.Build.0 = Debug|Win32
		{5FA33EF3-FF7E-43D3-A3E5-7364C491E089}.Release Multithreaded|x64.ActiveCfg = Release|x64
		{5FA33EF3-FF7E-43D3-A3E5-7364C491E089}.Release Multithreaded|x64.Build.0 = Release|x64
		{5FA33EF3-FF7E-43D3-A3E5-7364C491E089}.Release Multithreaded|x86.ActiveCfg = Release|Win32
		{5FA33EF3-FF7E-43D3-A3E5-7364C491E089}.Release Multithreaded|x86.Build.0 = Release|Win32
		{5FA33EF3-FF7E-43D3-A3E5-7364C491E089}.Release Singlethreaded|x64.ActiveCfg = Release|x64
		{5FA33EF3-FF7E-43D3-A3E5-7364C491E089}.Release Singlethreaded|x64.Build.0 = Release|x64
		{5FA33EF3-FF7E-43D3-A3E5-7364C491E089}.Release Singlethreaded|x86.ActiveCfg = Release|Win32
		{5FA33EF3-FF7E-43D3-A3E5-7364C491E089}.Release Singlethreaded|x86.Build.0 = Release|Win32
		{5FA33EF3-FF7E-43D3-A3E5-7364C491E089}.Release|x64.ActiveCfg = Release|x64
		{5FA33EF3-FF7E-43D3-A3E5-7364C491E089}.Release|x64.Build.0 = Release|x64
		{5FA33EF3-FF7E-43D3-A3E5-7364C491E089}.Release|x86.ActiveCfg = Release|Win32
		{5FA33EF3-FF7E-43D3-A3E5-7364C491E089}.Release|x86.Build.0 = Release|Win32
		{5FA33EF3-FF7E-43D3-A3E5-7364C491E089}.ReleaseDLL|x64.ActiveCfg = Release|x64
		{5FA33EF3-FF7E-43D3-A3E5-7364C491E089}.ReleaseDLL|x64.Build.0 = Release|x64
		{5FA33EF3-FF7E-43D3-A3E5-7364C491E089}.ReleaseDLL|x86.ActiveCfg = Release|Win32
		{5FA33EF3-FF7E-43D3-A3E5-7364C491E089}.ReleaseDLL|x86.Build.0 = Release|Win32
		{FA10AE64-9A1B-4FCE-91B6-929FFB6705D5}.Debug Multithreaded|x64.ActiveCfg = Debug|x64
		{FA10AE64-9A1B-4FCE-91B6-929FFB6705D5}.Debug Multithreaded|x64.Build.0 = Debug|x64
		{FA10AE64-9A1B-4FCE-91B6-929FFB6705D5}.Debug Multithreaded|x86.ActiveCfg = Debug|Win32
		{FA10AE64-9A1B-4FCE-91B6-929FFB6705D5}.Debug Multithreaded|x86.Build.0 = Debug|Win32
		{FA10AE64-9A1B-4FCE-91B6-929FFB6705D5}.Debug Singlethreaded|x64.ActiveCfg = Debug|x64
		{FA10AE64-9A1B-4FCE-91B6-929FFB6705D5}.Debug Singlethreaded|x64.Build.0 = Debug|x64
		{FA10AE64-9A1B-4FCE-91B6-929FFB6705D5}.Debug Singlethreaded|x86.ActiveCfg = Debug|Win32
		{FA10AE64-9A1B-4FCE-91B6-929FFB6705D5}.Debug Singlethreaded|x86.Build.0 = Debug|Win32
		{FA10AE64-9A1B-4FCE-91B6-929FFB6705D5}.Debug|x64.ActiveCfg = Debug|x64
		{FA10AE64-9A1B-4FCE-91B6-929FFB6705D5}.Debug|x64.Build.0 = Debug|x64
		{FA10AE64-9A1B-4FCE-91B6-929FFB6705D5}.Debug|x86.ActiveCfg = Debug|Win32
		{FA10AE64-9A1B-4FCE-91B6-929FFB6705D5}.Debug|x86.Build.0 = Debug|Win32
		{FA10AE64-9A1B-4FCE-91B6-929FFB6705D5}.DebugDLL|x64.ActiveCfg = Debug|x64
		{FA10AE64-9A1B-4FCE-91B6-929FFB6705D5}.DebugDLL|x64.Build.0 = Debug|x64
		{FA10AE64-9A1B-4FCE-91B6-929FFB6705D5}.DebugDLL|x86.ActiveCfg = Debug|Win32
		{FA10AE64-9A1B-4FCE-91B6-929FFB6705D5}.DebugDLL|x86.Build.0 = Debug|Win32
		{FA10AE64-9A1B-4FCE-91B6-929FFB6705D5}.Release Multithreaded|x64.ActiveCfg = Release|x64
		{FA10AE64-9A1B-4FCE-91B6-929FFB6705D5}.Release Multithreaded|x64.Build.0 = Release|x64
		{FA10AE64-9A1B-4FCE-91B6-929FFB6705D5}.Release Multithreaded|x86.ActiveCfg = Release|Win32
		{FA10AE64-9A1B-4FCE-91B6-929FFB6705D5}.Release Multithreaded|x86.Build.0 = Release|Win32
		{FA10AE64-9A1B-4FCE-91B6-929FFB6705D5}.Release Singlethreaded|x64.ActiveCfg = Release|x64
		{FA10AE64-9A1B-4FCE-91B6-929FFB6705D5}.Release Singlethreaded|x64.Build.0 = Release|x64
		{FA10AE64-9A1B-4FCE-91B6-929FFB6705D5}.Release Singlethreaded|x86.ActiveCfg = Release|Win32
		{FA10AE64-9A1B-4FCE-91B6-929FFB6705D5}.Release Singlethreaded|x86.Build.0 = Release|Win32
		{FA10AE64-9A1B-4FCE-91B6-929FFB6705D5}.Release|x64.ActiveCfg = Release|x64
		{FA10AE64-9A1B-4FCE-91B6-929FFB6705D5}.Release|x64.Build.0 = Release|x64
		{FA10AE64-9A1B-4FCE-91B6-929FFB6705D5}.Release|x86.ActiveCfg = Release|Win32
		{FA10AE64-9A1B-4FCE-91B6-929FFB6705D5}.Release|x86.Build.0 = Release|Win32
		{FA10AE64-9A1B-4FCE-91B6-929FFB6705D5}.ReleaseDLL|x64.ActiveCfg = Release|x64
		{FA10AE64-9A1B-4FCE-91B6-929FFB6705D5}.ReleaseDLL|x64.Build.0 = Release|x64
		{FA10AE64-9A1B-4FCE-91B6-929FFB6705D5}.ReleaseDLL|x86.ActiveCfg = Release|Win32
		{FA10AE64-9A1B-4FCE-91B6-929FFB6705D5}.ReleaseDLL|x86.Build.0 = Release|Win32
		{14A458E4-EE63-4CCC-87A4-2EF68DE0A5B8}.Debug Multithreaded|x64.ActiveCfg = Debug|x64
		{14A458E4-EE63-4CCC-87A4-2EF68DE0A5B8}.Debug Multithreaded|x64.Build.0 = Debug|x64
		{14A458E4-EE63-4CCC-87A4-2EF68DE0A5B8}.Debug Multithreaded|x86.ActiveCfg = Debug|Win32
		{14A458E4-EE63-4CCC-87A4-2EF68DE0A5B8}.Debug Multithreaded|x86.Build.0 = Debug|Win32
		{14A458E4-EE63-4CCC-87A4-2EF68DE0A5B8}.Debug Singlethreaded|x64.ActiveCfg = Debug|x64
		{14A458E4-EE63-4CCC-87A4-2EF68DE0A5B8}.Debug Singlethreaded|x64.Build.0 = Debug|x64
		{14A458E4-EE63-4CCC-87A4-2EF68DE0A5B8}.Debug Singlethreaded|x86.ActiveCfg = Debug|Win32
		{14A458E4-EE63-4CCC-87A4-2EF68DE0A5B8}.Debug Singlethreaded|x86.Build.0 = Debug|Win32
		{14A458E4-EE63-4CCC-87A4-2EF68DE0A5B8}.Debug|x64.ActiveCfg = Debug|x64
		{14A458E4-EE63-4CCC-87A4-2EF68DE0A5B8}.Debug|x64.Build.0 = Debug|x64
		{14A458E4-EE63-4CCC-87A4-2EF68DE0A5B8}.Debug|x86.ActiveCfg = Debug|Win32
		{14A458E4-EE63-4CCC-87A4-2EF68DE0A5B8}.Debug|x86.Build.0 = Debug|Win32
		{14A458E4-EE63-4CCC-87A4-2EF68DE0A5B8}.DebugDLL|x64.ActiveCfg = Debug|x64
		{14A458E4-EE63-4CCC-87A4-2EF68DE0A5B8}.DebugDLL|x64.Build.0 = Debug|x64
		{14A458E4-EE63-4CCC-87A4-2EF68DE0A5B8}.DebugDLL|x86.ActiveCfg = Debug|Win32
		{14A458E4-EE63-4CCC-87A4-2EF68DE0A5B8}.DebugDLL|x86.Build.0 = Debug|Win32
		{14A458E4-EE63-4CCC-87A4-2EF68DE0A5B8}.Release Multithreaded|x64.ActiveCfg = Release|x64
		{14A458E4-EE63-4CCC-87A4-2EF68DE0A5B8}.Release Multithreaded|x64.Build.0 = Release|x64
		{14A458E4-EE63-4CCC-87A4-2EF68DE0A5B8}.Release Multithreaded|x86.ActiveCfg = Release|Win32
		{14A458E4-EE63-4CCC-87A4-2EF68DE0A5B8}.Release Multithreaded|x86.Build.0 = Release|Win32
		{14A458E4-EE63-4CCC-87A4-2EF68DE0A5B8}.Release Singlethreaded|x64.ActiveCfg = Release|x64
		{14A458E4-EE63-4CCC-87A4-2EF68DE0A5B8}.Release Singlethreaded|x64.Build.0 = Release|x64
		{14A458E4-EE63-4CCC-87A4-2EF68DE0A5B8}.Release Singlethreaded|x86.ActiveCfg = Release|Win32
		{14A458E4-EE63-4CCC-87A4-2EF68DE0A5B8}.Release Singlethreaded|x86.Build.0 = Release|Win32
		{14A458E4-EE63-4CCC-87A4-2EF68DE0A5B8}.Release|x64.ActiveCfg = Release|x64
		{14A458E4-EE63-4CCC-87A4-2EF68DE0A5B8}.Release|x64.Build.0 = Release|x64
		{14A458E4-EE63-4CCC-87A4-2EF68DE0A5B8}.Release|x86.ActiveCfg = Release|Win32
		{14A458E4-EE63-4CCC-87A4-2EF68DE0A5B8}.Release|x86.Build.0 = Release|Win32
		{14A458E4-EE63-4CCC-87A4-2EF68DE0A5B8}.ReleaseDLL|x64.ActiveCfg = Release|x64
		{14A458E4-EE63-4CCC-87A4-2EF68DE0A5B8}.ReleaseDLL|x64.Build.0 = Release|x64
		{14A458E4-EE63-4CCC-87A4-2EF68DE0A5B8}.ReleaseDLL|x86.ActiveCfg = Release|Win32
		{14A458E4-EE63-4CCC-87A4-2EF68DE0A5B8}.ReleaseDLL|x86.Build.0 = Release|Win32
		{BC466987-D10C-46AD-8591-EAAE6042EFA3}.Debug Multithreaded|x64.ActiveCfg = Debug|x64
		{BC466987-D10C-46AD-8591-EAAE6042EFA3}.Debug Multithreaded|x64.Build.0 = Debug|x64
		{BC466987-D10C-46AD-8591-EAAE6042EFA3}.Debug Multithreaded|x86.ActiveCfg = Debug|Win32
		{BC466987-D10C-46AD-8591-EAAE6042EFA3}.Debug Multithreaded|x86.Build.0 = Debug|Win32
		{BC466987-D10C-46AD-8591-EAAE6042EFA3}.Debug Singlethreaded|x64.ActiveCfg = Debug|x64
		{BC466987-D10C-46AD-8591-EAAE6042EFA3}.Debug Singlethreaded|x64.Build.0 = Debug|x64
		{BC466987-D10C-46AD-8591-EAAE6042EFA3}.Debug Singlethreaded|x86.ActiveCfg = Debug|Win32
		{BC466987-D10C-46AD-8591-EAAE6042EFA3}.Debug Singlethreaded|x86.Build.0 = Debug|Win32
		{BC466987-D10C-46AD-8591-EAAE6042EFA3}.Debug|x64.ActiveCfg = Debug|x64
		{BC466987-D10C-46AD-8591-EAAE6042EFA3}.Debug|x64.Build.0 = Debug|x64
		{BC466987-D10C-46AD-8591-EAAE6042EFA3}.Debug|x86.ActiveCfg = Debug|Win32
		{BC466987-D10C-46AD-8591-EAAE6042EFA3}.Debug|x86.Build.0 = Debug|Win32
		{BC466987-D10C-46AD-8591-EAAE6042EFA3}.DebugDLL|x64.ActiveCfg = Debug|x64
		{BC466987-D10C-46AD-8591-EAAE6042EFA3}.DebugDLL|x64.Build.0 = Debug|x64
		{BC466987-D10C-46AD-8591-EAAE6042EFA3}.DebugDLL|x86.ActiveCfg = Debug|Win32
		{BC466987-D10C-46AD-8591-EAAE6042EFA3}.DebugDLL|x86.Build.0 = Debug|Win32
		{BC466987-D10C-46AD-8591-EAAE6042EFA3}.Release Multithreaded|x64.ActiveCfg = Release|x64
		{BC466987-D10C-46AD-8591-EAAE6042EFA3}.Release Multithreaded|x64.Build.0 = Release|x64
		{BC466987-D10C-46AD-8591-EAAE6042EFA3}.Release Multithreaded|x86.ActiveCfg = Release|Win32
		{BC466987-D10C-46AD-8591-EAAE6042EFA3}.Release Multithreaded|x86.Build.0 = Release|Win32
		{BC466987-D10C-46AD-8591-EAAE6042EFA3}.Release Singlethreaded|x64.ActiveCfg = Release|x64
		{BC466987-D10C-46AD-8591-EAAE6042EFA3}.Release Singlethreaded|x64.Build.0 = Release|x64
		{BC466987-D10C-46AD-8591-EAAE6042EFA3}.Release Singlethreaded|x86.ActiveCfg = Release|Win32
		{BC466987-D10C-46AD-8591-EAAE6042EFA3}.Release Singlethreaded|x86.Build.0 = Release|Win32
		{BC466987-D10C-46AD-8591-EAAE6042EFA3}.Release|x64.ActiveCfg = Release|x64
		{BC466987-D10C-46AD-8591-EAAE6042EFA3}.Release|x64.Build.0 = Release|x64
		{BC466987-D10C-46AD-8591-EAAE6042EFA3}.Release|x86.ActiveCfg = Release|Win32
		{BC466987-D10C-46AD-8591-EAAE6042EFA3}.Release|x86.Build.0 = Release|Win32
		{BC466987-D10C-46AD-8591-EAAE6042EFA3}.ReleaseDLL|x64.ActiveCfg = Release|x64
		{BC466987-D10C-46AD-8591-EAAE6042EFA3}.ReleaseDLL|x64.Build.0 = Release|x64
		{BC466987-D10C-46AD-8591-EAAE6042EFA3}.ReleaseDLL|x86.ActiveCfg = Release|Win32
		{BC466987-D10C-46AD-8591-EAAE6042EFA3}.ReleaseDLL|x86.Build.0 = Release|Win32
		{8EE24DD5-A95E-4E8B-9A8C-38D430856AAB}.Debug Multithreaded|x64.ActiveCfg = Debug|x64
		{8EE24DD5-A95E-4E8B-9A8C-38D430856AAB}.Debug Multithreaded|x64.Build.0 = Debug|x64
		{8EE24DD5-A95E-4E8B-9A8C-38D430856AAB}.Debug Multithreaded|x86.ActiveCfg = Debug|Win32
		{8EE24DD5-A95E-4E8B-9A8C-38D430856AAB}.Debug Multithreaded|x86.Build.0 = Debug|Win32
		{8EE24DD5-A95E-4E8B-9A8C-38D430856AAB}.Debug Singlethreaded|x64.ActiveCfg = Debug|x64
		{8EE24DD5-A95E-4E8B-9A8C-38D430856AAB}.Debug Singlethreaded|x64.Build.0 = Debug|x64
		{8EE24DD5-A95E-4E8B-9A8C-38D430856AAB}.Debug Singlethreaded|x86.ActiveCfg = Debug|Win32
		{8EE24DD5-A95E-4E8B-9A8C-38D430856AAB}.Debug Singlethreaded|x86.Build.0 = Debug|Win32
		{8EE24DD5-A95E-4E8B-9A8C-38D430856AAB}.Debug|x64.ActiveCfg = Debug|x64
		{8EE24DD5-A95E-4E8B-9A8C-38D430856AAB}.Debug|x64.Build.0 = Debug|x64
		{8EE24DD5-A95E-4E8B-9A8C-38D430856AAB}.Debug|x86.ActiveCfg = Debug|Win32
		{8EE24DD5-A95E-4E8B-9A8C-38D430856AAB}.Debug|x86.Build.0 = Debug|Win32
		{8EE24DD5-A95E-4E8B-9A8C-38D430856AAB}.DebugDLL|x64.ActiveCfg = Debug|x64
		{8EE24DD5-A95E-4E8B-9A8C-38D430856AAB}.DebugDLL|x64.Build.0 = Debug|x64
		{8EE24DD5-A95E-4E8B-9A8C-38D430856AAB}.DebugDLL|x86.ActiveCfg = Debug|Win32
		{8EE24DD5-A95E-4E8B-9A8C-38D430856AAB}.DebugDLL|x86.Build.0 = Debug|Win32
		{8EE24DD5-A95E-4E8B-9A8C-38D430856AAB}.Release Multithreaded|x64.ActiveCfg = Release|x64
		{8EE24DD5-A95E-4E8B-9A8C-38D430856AAB}.Release Multithreaded|x64.Build.0 = Release|x64
		{8EE24DD5-A95E-4E8B-9A8C-38D430856AAB}.Release Multithreaded|x86.ActiveCfg = Release|Win32
		{8EE24DD5-A95E-4E8B-9A8C-38D430856AAB}.Release Multithreaded|x86.Build.0 = Release|Win32
		{8EE24DD5-A95E-4E8B-9A8C-38D430856AAB}.Release Singlethreaded|x64.ActiveCfg = Release|x64
		{8EE24DD5-A95E-4E8B-9A8C-38D430856AAB}.Release Singlethreaded|x64.Build.0 = Release|x64
		{8EE24DD5-A95E-4E8B-9A8C-38D430856AAB}.Release Singlethreaded|x86.ActiveCfg = Release|Win32
		{8EE24DD5-A95E-4E8B-9A8C-38D430856AAB}.Release Singlethreaded|x86.Build.0 = Release|Win32
		{8EE24DD5-A95E-4E8B-9A8C-38D430856AAB}.Release|x64.ActiveCfg = Release|x64
		{8EE24DD5-A95E-4E8B-9A8C-38D430856AAB}.Release|x64.Build.0 = Release|x64
		{8EE24DD5-A95E-4E8B-9A8C-38D430856AAB}.Release|x86.ActiveCfg = Release|Win32
		{8EE24DD5-A95E-4E8B-9A8C-38D430856AAB}.Release|x86.Build.0 = Release|Win32
		{8EE24DD5-A95E-4E8B-9A8C-38D430856AAB}.ReleaseDLL|x64.ActiveCfg = Release|x64
		{8EE24DD5-A95E-4E8B-9A8C-38D430856AAB}.ReleaseDLL|x64.Build.0 = Release|x64
		{8EE24DD5-A95E-4E8B-9A8C-38D430856AAB}.ReleaseDLL|x86.ActiveCfg = Release|Win32
		{8EE24DD5-A95E-4E8B-9A8C-38D430856AAB}.ReleaseDLL|x86.Build.0 = Release|Win32
		{9C83F52A-B9CB-4DB0-A6F5-176E917AE9A4}.Debug Multithreaded|x64.ActiveCfg = Debug|x64
		{9C83F52A-B9CB-4DB0-A6F5-176E917AE9A4}.Debug Multithreaded|x64.Build.0 = Debug|x64
		{9C83F52A-B9CB-4DB0-A6F5-176E917AE9A4}.Debug Multithreaded|x86.ActiveCfg = Debug|Win32
		{9C83F52A-B9CB-4DB0-A6F5-176E917AE9A4}.Debug Multithreaded|x86.Build.0 = Debug|Win32
		{9C83F52A-B9CB-4DB0-A6F5-176E917AE9A4}.Debug Singlethreaded|x64.ActiveCfg = Debug|x64
		{9C83F52A-B9CB-4DB0-A6F5-176E917AE9A4}.Debug Singlethreaded|x64.Build.0 = Debug|x64
		{9C83F52A-B9CB-4DB0-A6F5-176E917AE9A4}.Debug Singlethreaded|x86.ActiveCfg = Debug|Win32
		{9C83F52A-B9CB-4DB0-A6F5-176E917AE9A4}.Debug Singlethreaded|x86.Build.0 = Debug|Win32
		{9C83F52A-B9CB-4DB0-A6F5-176E917AE9A4}.Debug|x64.ActiveCfg = Debug|x64
		{9C83F52A-B9CB-4DB0-A6F5-176E917AE9A4}.Debug|x64.Build.0 = Debug|x64
		{9C83F52A-B9CB-4DB0-A6F5-176E917AE9A4}.Debug|x86.ActiveCfg = Debug|Win32
		{9C83F52A-B9CB-4DB0-A6F5-176E917AE9A4}.Debug|x86.Build.0 = Debug|Win32
		{9C83F52A-B9CB-4DB0-A6F5-176E917AE9A4}.DebugDLL|x64.ActiveCfg = Debug|x64
		{9C83F52A-B9CB-4DB0-A6F5-176E917AE9A4}.DebugDLL|x64.Build.0 = Debug|x64
		{9C83F52A-B9CB-4DB0-A6F5-176E917AE9A4}.DebugDLL|x86.ActiveCfg = Debug|Win32
		{9C83F52A-B9CB-4DB0-A6F5-176E917AE9A4}.DebugDLL|x86.Build.0 = Debug|Win32
		{9C83F52A-B9CB-4DB0-A6F5-176E917AE9A4}.Release Multithreaded|x64.ActiveCfg = Release|x64
		{9C83F52A-B9CB-4DB0-A6F5-176E917AE9A4}.Release Multithreaded|x64.Build.0 = Release|x64
		{9C83F52A-B9CB-4DB0-A6F5-176E917AE9A4}.Release Multithreaded|x86.ActiveCfg = Release|Win32
		{9C83F52A-B9CB-4DB0-A6F5-176E917AE9A4}.Release Multithreaded|x86.Build.0 = Release|Win32
		{9C83F52A-B9CB-4DB0-A6F5-176E917AE9A4}.Release Singlethreaded|x64.ActiveCfg = Release|x64
		{9C83F52A-B9CB-4DB0-A6F5-176E917AE9A4}.Release Singlethreaded|x64.Build.0 = Release|x64
		{9C83F52A-B9CB-4DB0-A6F5-176E917AE9A4}.Release Singlethreaded|x86.ActiveCfg = Release|Win32
		{9C83F52A-B9CB-4DB0-A6F5-176E917AE9A4}.Release Singlethreaded|x86.Build.0 = Release|Win32
		{9C83F52A-B9CB-4DB0-A6F5-176E917AE9A4}.Release|x64.ActiveCfg = Release|x64
		{9C83F52A-B9CB-4DB0-A6F5-176E917AE9A4}.Release|x64.Build.0 = Release|x64
		{9C83F52A-B9CB-4DB0-A6F5-176E917AE9A4}.Release|x86.ActiveCfg = Release|Win32
		{9C83F52A-B9CB-4DB0-A6F5-176E917AE9A4}.Release|x86.Build.0 = Release|Win32
		{9C83F52A-B9CB-4DB0-A6F5-176E917AE9A4}.ReleaseDLL|x64.ActiveCfg = Release|x64
		{9C83F52A-B9CB-4DB0-A6F5-176E917AE9A4}.ReleaseDLL|x64.Build.0 = Release|x64
		{9C83F52A-B9CB-4DB0-A6F5-176E917AE9A4}.ReleaseDLL|x86.ActiveCfg = Release|Win32
		{9C83F52A-B9CB-4DB0-A6F5-176E917AE9A4}.ReleaseDLL|x86.Build.0 = Release|Win32
		{C3C74254-847B-448B-920D-3AD17B3CEFFE}.Debug Multithreaded|x64.ActiveCfg = Debug|x64
		{C3C74254-847B-448B-920D-3AD17B3CEFFE}.Debug Multithreaded|x64.Build.0 = Debug|x64
		{C3C74254-847B-448B-920D-3AD17B3CEFFE}.Debug Multithreaded|x86.ActiveCfg = Debug|Win32
		{C3C74254-847B-448B-920D-3AD17B3CEFFE}.Debug Multithreaded|x86.Build.0 = Debug|Win32
		{C3C74254-847B-448B-920D-3AD17B3CEFFE}.Debug Singlethreaded|x64.ActiveCfg = Debug|x64
		{C3C74254-847B-448B-920D-3AD17B3CEFFE}.Debug Singlethreaded|x64.Build.0 = Debug|x64
		{C3C74254-847B-448B-920D-3AD17B3CEFFE}.Debug Singlethreaded|x86.ActiveCfg = Debug|Win32
		{C3C74254-847B-448B-920D-3AD17B3CEFFE}.Debug Singlethreaded|x86.Build.0 = Debug|Win32
		{C3C74254-847B-448B-920D-3AD17B3CEFFE}.Debug|x64.ActiveCfg = Debug|x64
		{C3C74254-847B-448B-920D-3AD17B3CEFFE}.Debug|x64.Build.0 = Debug|x64
		{C3C74254-847B-448B-920D-3AD17B3CEFFE}.Debug|x86.ActiveCfg = Debug|Win32
		{C3C74254-847B-448B-920D-3AD17B3CEFFE}.Debug|x86.Build.0 = Debug|Win32
		{C3C74254-847B-448B-920D-3AD17B3CEFFE}.DebugDLL|x64.ActiveCfg = Debug|x64
		{C3C74254-847B-448B-920D-3AD17B3CEFFE}.DebugDLL|x64.Build.0 = Debug|x64
		{C3C74254-847B-448B-920D-3AD17B3CEFFE}.DebugDLL|x86.ActiveCfg = Debug|Win32
		{C3C74254-847B-448B-920D-3AD17B3CEFFE}.DebugDLL|x86.Build.0 = Debug|Win32
		{C3C74254-847B-448B-920D-3AD17B3CEFFE}.Release Multithreaded|x64.ActiveCfg = Release|x64
		{C3C74254-847B-448B-920D-3AD17B3CEFFE}.Release Multithreaded|x64.Build.0 = Release|x64
		{C3C74254-847B-448B-920D-3AD17B3CEFFE}.Release Multithreaded|x86.ActiveCfg = Release|Win32
		{C3C74254-847B-448B-920D-3AD17B3CEFFE}.Release Multithreaded|x86.Build.0 = Release|Win32
		{C3C74254-847B-448B-920D-3AD17B3CEFFE}.Release Singlethreaded|x64.ActiveCfg = Release|x64
		{C3C74254-847B-448B-920D-3AD17B3CEFFE}.Release Singlethreaded|x64.Build.0 = Release|x64
		{C3C74254-847B-448B-920D-3AD17B3CEFFE}.Release Singlethreaded|x86.ActiveCfg = Release|Win32
		{C3C74254-847B-448B-920D-3AD17B3CEFFE}.Release Singlethreaded|x86.Build.0 = Release|Win32
		{C3C74254-847B-448B-920D-3AD17B3CEFFE}.Release|x64.ActiveCfg = Release|x64
		{C3C74254-847B-448B-920D-3AD17B3CEFFE}.Release|x64.Build.0 = Release|x64
		{C3C74254-847B-448B-920D-3AD17B3CEFFE}.Release|x86.ActiveCfg = Release|Win32
		{C3C74254-847B-448B-920D-3AD17B3CEFFE}.Release|x86.Build.0 = Release|Win32
		{C3C74254-847B-448B-920D-3AD17B3CEFFE}.ReleaseDLL|x64.ActiveCfg = Release|x64
		{C3C74254-847B-448B-920D-3AD17B3CEFFE}.ReleaseDLL|x64.Build.0 = Release|x64
		{C3C74254-847B-448B-920D-3AD17B3CEFFE}.ReleaseDLL|x86.ActiveCfg = Release|Win32
		{C3C74254-847B-448B-920D-3AD17B3CEFFE}.ReleaseDLL|x86.Build.0 = Release|Win32
		{3F5281C1-FAE8-4422-899D-1A8090EB1603}.Debug Multithreaded|x64.ActiveCfg = Debug|x64
		{3F5281C1-FAE8-4422-899D-1A8090EB1603}.Debug Multithreaded|x64.Build.0 = Debug|x64
		{3F5281C1-FAE8-4422-899D-1A8090EB1603}.Debug Multithreaded|x86.ActiveCfg = Debug|Win32
		{3F5281C1-FAE8-4422-899D-1A8090EB1603}.Debug Multithreaded|x86.Build.0 = Debug|Win32
		{3F5281C1-FAE8-4422-899D-1A8090EB1603}.Debug Singlethreaded|x64.ActiveCfg = Debug|x64
		{3F5281C1-FAE8-4422-899D-1A8090EB1603}.Debug Singlethreaded|x64.Build.0 = Debug|x64
		{3F5281C1-FAE8-4422-899D-1A8090EB1603}.Debug Singlethreaded|x86.ActiveCfg = Debug|Win32
		{3F5281C1-FAE8-4422-899D-1A8090EB1603}.Debug Singlethreaded|x86.Build.0 = Debug|Win32
		{3F5281C1-FAE8-4422-899D-1A8090EB1603}.Debug|x64.ActiveCfg = Debug|x64
		{3F5281C1-FAE8-4422-899D-1A8090EB1603}.Debug|x64.Build.0 = Debug|x64
		{3F5281C1-FAE8-4422-899D-1A8090EB1603}.Debug|x86.ActiveCfg = Debug|Win32
		{3F5281C1-FAE8-4422-899D-1A8090EB1603}.Debug|x86.Build.0 = Debug|Win32
		{3F5281C1-FAE8-4422-899D-1A8090EB1603}.DebugDLL|x64.ActiveCfg = Debug|x64
		{3F5281C1-FAE8-4422-899D-1A8090EB1603}.DebugDLL|x64.Build.0 = Debug|x64
		{3F5281C1-FAE8-4422-899D-1A8090EB1603}.DebugDLL|x86.ActiveCfg = Debug|Win32
		{3F5281C1-FAE8-4422-899D-1A8090EB1603}.DebugDLL|x86.Build.0 = Debug|Win32
		{3F5281C1-FAE8-4422-899D-1A8090EB1603}.Release Multithreaded|x64.ActiveCfg = Release|x64
		{3F5281C1-FAE8-4422-899D-1A8090EB1603}.Release Multithreaded|x64.Build.0 = Release|x64
		{3F5281C1-FAE8-4422-899D-1A8090EB1603}.Release Multithreaded|x86.ActiveCfg = Release|Win32
		{3F5281C1-FAE8-4422-899D-1A8090EB1603}.Release Multithreaded|x86.Build.0 = Release|Win32
		{3F5281C1-FAE8-4422-899D-1A8090EB1603}.Release Singlethreaded|x64.ActiveCfg = Release|x64
		{3F5281C1-FAE8-4422-899D-1A8090EB1603}.Release Singlethreaded|x64.Build.0 = Release|x64
		{3F5281C1-FAE8-4422-899D-1A8090EB1603}.Release Singlethreaded|x86.ActiveCfg = Release|Win32
		{3F5281C1-FAE8-4422-899D-1A8090EB1603}.Release Singlethreaded|x86.Build.0 = Release|Win32
		{3F5281C1-FAE8-4422-899D-1A8090EB1603}.Release|x64.ActiveCfg = Release|x64
		{3F5281C1-FAE8-4422-899D-1A8090EB1603}.Release|x64.Build.0 = Release|x64
		{3F5281C1-FAE8-4422-899D-1A8090EB1603}.Release|x86.ActiveCfg = Release|Win32
		{3F5281C1-FAE8-4422-899D-1A8090EB1603}.Release|x86.Build.0 = Release|Win32
		{3F5281C1-FAE8-4422-899D-1A8090EB1603}.ReleaseDLL|x64.ActiveCfg = Release|x64
		{3F5281C1-FAE8-4422-899D-1A8090EB1603}.ReleaseDLL|x64.Build.0 = Release|x64
		{3F5281C1-FAE8-4422-899D-1A8090EB1603}.ReleaseDLL|x86.ActiveCfg = Release|Win32
		{3F5281C1-FAE8-4422-899D-1A8090EB1603}.ReleaseDLL|x86.Build.0 = Release|Win32
		{93CD4FD4-C2E0-46FC-98CC-1D901EFF0556}.Debug Multithreaded|x64.ActiveCfg = Debug|x64
		{93CD4FD4-C2E0-46FC-98CC-1D901EFF0556}.Debug Multithreaded|x64.Build.0 = Debug|x64
		{93CD4FD4-C2E0-46FC-98CC-1D901EFF0556}.Debug Multithreaded|x86.ActiveCfg = Debug|Win32
		{93CD4FD4-C2E0-46FC-98CC-1D901EFF0556}.Debug Multithreaded|x86.Build.0 = Debug|Win32
		{93CD4FD4-C2E0-46FC-98CC-1D901EFF0556}.Debug Singlethreaded|x64.ActiveCfg = Debug|x64
		{93CD4FD4-C2E0-46FC-98CC-1D901EFF0556}.Debug Singlethreaded|x64.Build.0 = Debug|x64
		{93CD4FD4-C2E0-46FC-98CC-1D901EFF0556}.Debug Singlethreaded|x86.ActiveCfg = Debug|Win32
		{93CD4FD4-C2E0-46FC-98CC-1D901EFF0556}.Debug Singlethreaded|x86.Build.0 = Debug|Win32
		{93CD4FD4-C2E0-46FC-98CC-1D901EFF0556}.Debug|x64.ActiveCfg = Debug|x64
		{93CD4FD4-C2E0-46FC-98CC-1D901EFF0556}.Debug|x64.Build.0 = Debug|x64
		{93CD4FD4-C2E0-46FC-98CC-1D901EFF0556}.Debug|x86.ActiveCfg = Debug|Win32
		{93CD4FD4-C2E0-46FC-98CC-1D901EFF0556}.Debug|x86.Build.0 = Debug|Win32
		{93CD4FD4-C2E0-46FC-98CC-1D901EFF0556}.DebugDLL|x64.ActiveCfg = Debug|x64
		{93CD4FD4-C2E0-46FC-98CC-1D901EFF0556}.DebugDLL|x64.Build.0 = Debug|x64
		{93CD4FD4-C2E0-46FC-98CC-1D901EFF0556}.DebugDLL|x86.ActiveCfg = Debug|Win32
		{93CD4FD4-C2E0-46FC-98CC-1D901EFF0556}.DebugDLL|x86.Build.0 = Debug|Win32
		{93CD4FD4-C2E0-46FC-98CC-1D901EFF0556}.Release Multithreaded|x64.ActiveCfg = Release|x64
		{93CD4FD4-C2E0-46FC-98CC-1D901EFF0556}.Release Multithreaded|x64.Build.0 = Release|x64
		{93CD4FD4-C2E0-46FC-98CC-1D901EFF0556}.Release Multithreaded|x86.ActiveCfg = Release|Win32
		{93CD4FD4-C2E0-46FC-98CC-1D901EFF0556}.Release Multithreaded|x86.Build.0 = Release|Win32
		{93CD4FD4-C2E0-46FC-98CC-1D901EFF0556}.Release Singlethreaded|x64.ActiveCfg = Release|x64
		{93CD4FD4-C2E0-46FC-98CC-1D901EFF0556}.Release Singlethreaded|x64.Build.0 = Release|x64
		{93CD4FD4-C2E0-46FC-98CC-1D901EFF0556}.Release Singlethreaded|x86.ActiveCfg = Release|Win32
		{93CD4FD4-C2E0-46FC-98CC-1D901EFF0556}.Release Singlethreaded|x86.Build.0 = Release|Win32
		{93CD4FD4-C2E0-46FC-98CC-1D901EFF0556}.Release|x64.ActiveCfg = Release|x64
		{93CD4FD4-C2E0-46FC-98CC-1D901EFF0556}.Release|x64.Build.0 = Release|x64
		{93CD4FD4-C2E0-46FC-98CC-1D901EFF0556}.Release|x86.ActiveCfg = Release|Win32
		{93CD4FD4-C2E0-46FC-98CC-1D901EFF0556}.Release|x86.Build.0 = Release|Win32
		{93CD4FD4-C2E0-46FC-98CC-1D901EFF0556}.ReleaseDLL|x64.ActiveCfg = Release|x64
		{93CD4FD4-C2E0-46FC-98CC-1D901EFF0556}.ReleaseDLL|x64.Build.0 = Release|x64
		{93CD4FD4-C2E0-46FC-98CC-1D901EFF0556}.ReleaseDLL|x86.ActiveCfg = Release|Win32
		{93CD4FD4-C2E0-46FC-98CC-1D901EFF0556}.ReleaseDLL|x86.Build.0 = Release|Win32
		{D0DCB253-29D9-4A8B-A52A-B38EB68E52C2}.Debug Multithreaded|x64.ActiveCfg = DebugStaticLib|Win32
		{D0DCB253-29D9-4A8B-A52A-B38EB68E52C2}.Debug Multithreaded|x64.Build.0 = DebugStaticLib|Win32
		{D0DCB253-29D9-4A8B-A52A-B38EB68E52C2}.Debug Multithreaded|x86.ActiveCfg = Debug|Win32
		{D0DCB253-29D9-4A8B-A52A-B38EB68E52C2}.Debug Multithreaded|x86.Build.0 = Debug|Win32
		{D0DCB253-29D9-4A8B-A52A-B38EB68E52C2}.Debug Singlethreaded|x64.ActiveCfg = DebugStaticLib|Win32
		{D0DCB253-29D9-4A8B-A52A-B38EB68E52C2}.Debug Singlethreaded|x64.Build.0 = DebugStaticLib|Win32
		{D0DCB253-29D9-4A8B-A52A-B38EB68E52C2}.Debug Singlethreaded|x86.ActiveCfg = Debug|Win32
		{D0DCB253-29D9-4A8B-A52A-B38EB68E52C2}.Debug Singlethreaded|x86.Build.0 = Debug|Win32
		{D0DCB253-29D9-4A8B-A52A-B38EB68E52C2}.Debug|x64.ActiveCfg = Debug|Win32
		{D0DCB253-29D9-4A8B-A52A-B38EB68E52C2}.Debug|x86.ActiveCfg = Debug|Win32
		{D0DCB253-29D9-4A8B-A52A-B38EB68E52C2}.Debug|x86.Build.0 = Debug|Win32
		{D0DCB253-29D9-4A8B-A52A-B38EB68E52C2}.DebugDLL|x64.ActiveCfg = DebugStaticLib|Win32
		{D0DCB253-29D9-4A8B-A52A-B38EB68E52C2}.DebugDLL|x64.Build.0 = DebugStaticLib|Win32
		{D0DCB253-29D9-4A8B-A52A-B38EB68E52C2}.DebugDLL|x86.ActiveCfg = Debug|Win32
		{D0DCB253-29D9-4A8B-A52A-B38EB68E52C2}.DebugDLL|x86.Build.0 = Debug|Win32
		{D0DCB253-29D9-4A8B-A52A-B38EB68E52C2}.Release Multithreaded|x64.ActiveCfg = DebugStaticLib|Win32
		{D0DCB253-29D9-4A8B-A52A-B38EB68E52C2}.Release Multithreaded|x64.Build.0 = DebugStaticLib|Win32
		{D0DCB253-29D9-4A8B-A52A-B38EB68E52C2}.Release Multithreaded|x86.ActiveCfg = Release|Win32
		{D0DCB253-29D9-4A8B-A52A-B38EB68E52C2}.Release Multithreaded|x86.Build.0 = Release|Win32
		{D0DCB253-29D9-4A8B-A52A-B38EB68E52C2}.Release Singlethreaded|x64.ActiveCfg = DebugStaticLib|Win32
		{D0DCB253-29D9-4A8B-A52A-B38EB68E52C2}.Release Singlethreaded|x64.Build.0 = DebugStaticLib|Win32
		{D0DCB253-29D9-4A8B-A52A-B38EB68E52C2}.Release Singlethreaded|x86.ActiveCfg = Release|Win32
		{D0DCB253-29D9-4A8B-A52A-B38EB68E52C2}.Release Singlethreaded|x86.Build.0 = Release|Win32
		{D0DCB253-29D9-4A8B-A52A-B38EB68E52C2}.Release|x64.ActiveCfg = Release|Win32
		{D0DCB253-29D9-4A8B-A52A-B38EB68E52C2}.Release|x86.ActiveCfg = Release|Win32
		{D0DCB253-29D9-4A8B-A52A-B38EB68E52C2}.Release|x86.Build.0 = Release|Win32
		{D0DCB253-29D9-4A8B-A52A-B38EB68E52C2}.ReleaseDLL|x64.ActiveCfg = DebugStaticLib|Win32
		{D0DCB253-29D9-4A8B-A52A-B38EB68E52C2}.ReleaseDLL|x64.Build.0 = DebugStaticLib|Win32
		{D0DCB253-29D9-4A8B-A52A-B38EB68E52C2}.ReleaseDLL|x86.ActiveCfg = Release|Win32
		{D0DCB253-29D9-4A8B-A52A-B38EB68E52C2}.ReleaseDLL|x86.Build.0 = Release|Win32
		{2FFF7DE0-3783-4094-B335-1C76A61E606A}.Debug Multithreaded|x64.ActiveCfg = Debug|x64
		{2FFF7DE0-3783-4094-B335-1C76A61E606A}.Debug Multithreaded|x64.Build.0 = Debug|x64
		{2FFF7DE0-3783-4094-B335-1C76A61E606A}.Debug Multithreaded|x86.ActiveCfg = Debug|Win32
		{2FFF7DE0-3783-4094-B335-1C76A61E606A}.Debug Multithreaded|x86.Build.0 = Debug|Win32
		{2FFF7DE0-3783-4094-B335-1C76A61E606A}.Debug Singlethreaded|x64.ActiveCfg = Debug|x64
		{2FFF7DE0-3783-4094-B335-1C76A61E606A}.Debug Singlethreaded|x64.Build.0 = Debug|x64
		{2FFF7DE0-3783-4094-B335-1C76A61E606A}.Debug Singlethreaded|x86.ActiveCfg = Debug|Win32
		{2FFF7DE0-3783-4094-B335-1C76A61E606A}.Debug Singlethreaded|x86.Build.0 = Debug|Win32
		{2FFF7DE0-3783-4094-B335-1C76A61E606A}.Debug|x64.ActiveCfg = Debug|x64
		{2FFF7DE0-3783-4094-B335-1C76A61E606A}.Debug|x64.Build.0 = Debug|x64
		{2FFF7DE0-3783-4094-B335-1C76A61E606A}.Debug|x86.ActiveCfg = Debug|Win32
		{2FFF7DE0-3783-4094-B335-1C76A61E606A}.Debug|x86.Build.0 = Debug|Win32
		{2FFF7DE0-3783-4094-B335-1C76A61E606A}.DebugDLL|x64.ActiveCfg = Debug|x64
		{2FFF7DE0-3783-4094-B335-1C76A61E606A}.DebugDLL|x64.Build.0 = Debug|x64
		{2FFF7DE0-3783-4094-B335-1C76A61E606A}.DebugDLL|x86.ActiveCfg = Debug|Win32
		{2FFF7DE0-3783-4094-B335-1C76A61E606A}.DebugDLL|x86.Build.0 = Debug|Win32
		{2FFF7DE0-3783-4094-B335-1C76A61E606A}.Release Multithreaded|x64.ActiveCfg = Release|x64
		{2FFF7DE0-3783-4094-B335-1C76A61E606A}.Release Multithreaded|x64.Build.0 = Release|x64
		{2FFF7DE0-3783-4094-B335-1C76A61E606A}.Release Multithreaded|x86.ActiveCfg = Release|Win32
		{2FFF7DE0-3783-4094-B335-1C76A61E606A}.Release Multithreaded|x86.Build.0 = Release|Win32
		{2FFF7DE0-3783-4094-B335-1C76A61E606A}.Release Singlethreaded|x64.ActiveCfg = Release|x64
		{2FFF7DE0-3783-4094-B335-1C76A61E606A}.Release Singlethreaded|x64.Build.0 = Release|x64
		{2FFF7DE0-3783-4094-B335-1C76A61E606A}.Release Singlethreaded|x86.ActiveCfg = Release|Win32
		{2FFF7DE0-3783-4094-B335-1C76A61E606A}.Release Singlethreaded|x86.Build.0 = Release|Win32
		{2FFF7DE0-3783-4094-B335-1C76A61E606A}.Release|x64.ActiveCfg = Release|x64
		{2FFF7DE0-3783-4094-B335-1C76A61E606A}.Release|x64.Build.0 = Release|x64
		{2FFF7DE0-3783-4094-B335-1C76A61E606A}.Release|x86.ActiveCfg = Release|Win32
		{2FFF7DE0-3783-4094-B335-1C76A61E606A}.Release|x86.Build.0 = Release|Win32
		{2FFF7DE0-3783-4094-B335-1C76A61E606A}.ReleaseDLL|x64.ActiveCfg = Release|x64
		{2FFF7DE0-3783-4094-B335-1C76A61E606A}.ReleaseDLL|x64.Build.0 = Release|x64
		{2FFF7DE0-3783-4094-B335-1C76A61E606A}.ReleaseDLL|x86.ActiveCfg = Release|Win32
		{2FFF7DE0-3783-4094-B335-1C76A61E606A}.ReleaseDLL|x86.Build.0 = Release|Win32
	EndGlobalSection
	GlobalSection(SolutionProperties) = preSolution
		HideSolutionNode = FALSE
	EndGlobalSection
EndGlobal
