<?xml version="1.0" encoding="utf-8"?>
<Project ToolsVersion="4.0" xmlns="http://schemas.microsoft.com/developer/msbuild/2003">
  <ItemGroup>
    <Filter Include="Source Files">
      <UniqueIdentifier>{4FC737F1-C7A5-4376-A066-2A32D752A2FF}</UniqueIdentifier>
      <Extensions>cpp;c;cc;cxx;def;odl;idl;hpj;bat;asm;asmx</Extensions>
    </Filter>
    <Filter Include="Header Files">
      <UniqueIdentifier>{93995380-89BD-4b04-88EB-625FBE52EBFB}</UniqueIdentifier>
      <Extensions>h;hh;hpp;hxx;hm;inl;inc;xsd</Extensions>
    </Filter>
    <Filter Include="Resource Files">
      <UniqueIdentifier>{67DA6AB6-F800-4c08-8B7A-83BB121AAD01}</UniqueIdentifier>
      <Extensions>rc;ico;cur;bmp;dlg;rc2;rct;bin;rgs;gif;jpg;jpeg;jpe;resx;tiff;tif;png;wav;mfcribbon-ms</Extensions>
    </Filter>
    <Filter Include="glew">
      <UniqueIdentifier>{d8c11362-d13b-4095-a6ad-5d306a9d4887}</UniqueIdentifier>
    </Filter>
    <Filter Include="glfw">
      <UniqueIdentifier>{d5eb7687-3ebb-40c5-9979-004f5a224720}</UniqueIdentifier>
    </Filter>
    <Filter Include="jpeg">
      <UniqueIdentifier>{5907eb14-947b-4052-8f1e-4b3aa077c3d9}</UniqueIdentifier>
    </Filter>
    <Filter Include="libexpat">
      <UniqueIdentifier>{69b662e3-749d-428a-a397-890792fdb5b4}</UniqueIdentifier>
    </Filter>
    <Filter Include="libpng">
      <UniqueIdentifier>{8ef33a09-2edf-4d2d-bc95-d6acf91201e7}</UniqueIdentifier>
    </Filter>
    <Filter Include="pcre">
      <UniqueIdentifier>{79c2993d-4ad0-4e45-8de6-b75fdd0ad279}</UniqueIdentifier>
    </Filter>
    <Filter Include="SILLY">
      <UniqueIdentifier>{667cfea7-87f3-45fe-aba0-b52a4ddc2f0c}</UniqueIdentifier>
    </Filter>
    <Filter Include="Source Files\elements">
      <UniqueIdentifier>{a730352f-9221-4e97-8e1b-cd2cd5baf8d4}</UniqueIdentifier>
    </Filter>
    <Filter Include="Header Files\elements">
      <UniqueIdentifier>{7235f7c2-d9d7-40d3-bb86-7522a43575b2}</UniqueIdentifier>
    </Filter>
    <Filter Include="Header Files\falagard">
      <UniqueIdentifier>{df39d3ea-9c80-401c-a2c2-52da759a8b07}</UniqueIdentifier>
    </Filter>
    <Filter Include="Source Files\falagard">
      <UniqueIdentifier>{e0c616d5-3854-4c08-91ed-b302bc104d1d}</UniqueIdentifier>
    </Filter>
  </ItemGroup>
  <ItemGroup>
    <ClCompile Include="src\elements\CEGUIBaseFactories.cpp">
      <Filter>Source Files\elements</Filter>
    </ClCompile>
    <ClCompile Include="src\elements\CEGUIButtonBase.cpp">
      <Filter>Source Files\elements</Filter>
    </ClCompile>
    <ClCompile Include="src\elements\CEGUICheckbox.cpp">
      <Filter>Source Files\elements</Filter>
    </ClCompile>
    <ClCompile Include="src\elements\CEGUICheckboxProperties.cpp">
      <Filter>Source Files\elements</Filter>
    </ClCompile>
    <ClCompile Include="src\elements\CEGUIClippedContainer.cpp">
      <Filter>Source Files\elements</Filter>
    </ClCompile>
    <ClCompile Include="src\elements\CEGUICombobox.cpp">
      <Filter>Source Files\elements</Filter>
    </ClCompile>
    <ClCompile Include="src\elements\CEGUIComboboxProperties.cpp">
      <Filter>Source Files\elements</Filter>
    </ClCompile>
    <ClCompile Include="src\elements\CEGUIComboDropList.cpp">
      <Filter>Source Files\elements</Filter>
    </ClCompile>
    <ClCompile Include="src\elements\CEGUIDragContainer.cpp">
      <Filter>Source Files\elements</Filter>
    </ClCompile>
    <ClCompile Include="src\elements\CEGUIDragContainerProperties.cpp">
      <Filter>Source Files\elements</Filter>
    </ClCompile>
    <ClCompile Include="src\elements\CEGUIEditbox.cpp">
      <Filter>Source Files\elements</Filter>
    </ClCompile>
    <ClCompile Include="src\elements\CEGUIEditboxProperties.cpp">
      <Filter>Source Files\elements</Filter>
    </ClCompile>
    <ClCompile Include="src\elements\CEGUIFrameWindow.cpp">
      <Filter>Source Files\elements</Filter>
    </ClCompile>
    <ClCompile Include="src\elements\CEGUIFrameWindowProperties.cpp">
      <Filter>Source Files\elements</Filter>
    </ClCompile>
    <ClCompile Include="src\elements\CEGUIGroupBox.cpp">
      <Filter>Source Files\elements</Filter>
    </ClCompile>
    <ClCompile Include="src\elements\CEGUIGUISheet.cpp">
      <Filter>Source Files\elements</Filter>
    </ClCompile>
    <ClCompile Include="src\elements\CEGUIItemEntry.cpp">
      <Filter>Source Files\elements</Filter>
    </ClCompile>
    <ClCompile Include="src\elements\CEGUIItemEntryProperties.cpp">
      <Filter>Source Files\elements</Filter>
    </ClCompile>
    <ClCompile Include="src\elements\CEGUIItemListBase.cpp">
      <Filter>Source Files\elements</Filter>
    </ClCompile>
    <ClCompile Include="src\elements\CEGUIItemListBaseProperties.cpp">
      <Filter>Source Files\elements</Filter>
    </ClCompile>
    <ClCompile Include="src\elements\CEGUIItemListbox.cpp">
      <Filter>Source Files\elements</Filter>
    </ClCompile>
    <ClCompile Include="src\elements\CEGUIItemListboxProperties.cpp">
      <Filter>Source Files\elements</Filter>
    </ClCompile>
    <ClCompile Include="src\elements\CEGUIListbox.cpp">
      <Filter>Source Files\elements</Filter>
    </ClCompile>
    <ClCompile Include="src\elements\CEGUIListboxItem.cpp">
      <Filter>Source Files\elements</Filter>
    </ClCompile>
    <ClCompile Include="src\elements\CEGUIListboxProperties.cpp">
      <Filter>Source Files\elements</Filter>
    </ClCompile>
    <ClCompile Include="src\elements\CEGUIListboxTextItem.cpp">
      <Filter>Source Files\elements</Filter>
    </ClCompile>
    <ClCompile Include="src\elements\CEGUIListHeader.cpp">
      <Filter>Source Files\elements</Filter>
    </ClCompile>
    <ClCompile Include="src\elements\CEGUIListHeaderProperties.cpp">
      <Filter>Source Files\elements</Filter>
    </ClCompile>
    <ClCompile Include="src\elements\CEGUIListHeaderSegment.cpp">
      <Filter>Source Files\elements</Filter>
    </ClCompile>
    <ClCompile Include="src\elements\CEGUIListHeaderSegmentProperties.cpp">
      <Filter>Source Files\elements</Filter>
    </ClCompile>
    <ClCompile Include="src\elements\CEGUIMenubar.cpp">
      <Filter>Source Files\elements</Filter>
    </ClCompile>
    <ClCompile Include="src\elements\CEGUIMenuBase.cpp">
      <Filter>Source Files\elements</Filter>
    </ClCompile>
    <ClCompile Include="src\elements\CEGUIMenuBaseProperties.cpp">
      <Filter>Source Files\elements</Filter>
    </ClCompile>
    <ClCompile Include="src\elements\CEGUIMenuItem.cpp">
      <Filter>Source Files\elements</Filter>
    </ClCompile>
    <ClCompile Include="src\elements\CEGUIMultiColumnList.cpp">
      <Filter>Source Files\elements</Filter>
    </ClCompile>
    <ClCompile Include="src\elements\CEGUIMultiColumnListProperties.cpp">
      <Filter>Source Files\elements</Filter>
    </ClCompile>
    <ClCompile Include="src\elements\CEGUIMultiLineEditbox.cpp">
      <Filter>Source Files\elements</Filter>
    </ClCompile>
    <ClCompile Include="src\elements\CEGUIMultiLineEditboxProperties.cpp">
      <Filter>Source Files\elements</Filter>
    </ClCompile>
    <ClCompile Include="src\elements\CEGUIPopupMenu.cpp">
      <Filter>Source Files\elements</Filter>
    </ClCompile>
    <ClCompile Include="src\elements\CEGUIPopupMenuProperties.cpp">
      <Filter>Source Files\elements</Filter>
    </ClCompile>
    <ClCompile Include="src\elements\CEGUIProgressBar.cpp">
      <Filter>Source Files\elements</Filter>
    </ClCompile>
    <ClCompile Include="src\elements\CEGUIProgressBarProperties.cpp">
      <Filter>Source Files\elements</Filter>
    </ClCompile>
    <ClCompile Include="src\elements\CEGUIPushButton.cpp">
      <Filter>Source Files\elements</Filter>
    </ClCompile>
    <ClCompile Include="src\elements\CEGUIRadioButton.cpp">
      <Filter>Source Files\elements</Filter>
    </ClCompile>
    <ClCompile Include="src\elements\CEGUIRadioButtonProperties.cpp">
      <Filter>Source Files\elements</Filter>
    </ClCompile>
    <ClCompile Include="src\elements\CEGUIScrollablePane.cpp">
      <Filter>Source Files\elements</Filter>
    </ClCompile>
    <ClCompile Include="src\elements\CEGUIScrollablePaneProperties.cpp">
      <Filter>Source Files\elements</Filter>
    </ClCompile>
    <ClCompile Include="src\elements\CEGUIScrollbar.cpp">
      <Filter>Source Files\elements</Filter>
    </ClCompile>
    <ClCompile Include="src\elements\CEGUIScrollbarProperties.cpp">
      <Filter>Source Files\elements</Filter>
    </ClCompile>
    <ClCompile Include="src\elements\CEGUIScrolledContainer.cpp">
      <Filter>Source Files\elements</Filter>
    </ClCompile>
    <ClCompile Include="src\elements\CEGUIScrolledContainerProperties.cpp">
      <Filter>Source Files\elements</Filter>
    </ClCompile>
    <ClCompile Include="src\elements\CEGUIScrolledItemListBase.cpp">
      <Filter>Source Files\elements</Filter>
    </ClCompile>
    <ClCompile Include="src\elements\CEGUIScrolledItemListBaseProperties.cpp">
      <Filter>Source Files\elements</Filter>
    </ClCompile>
    <ClCompile Include="src\elements\CEGUISlider.cpp">
      <Filter>Source Files\elements</Filter>
    </ClCompile>
    <ClCompile Include="src\elements\CEGUISliderProperties.cpp">
      <Filter>Source Files\elements</Filter>
    </ClCompile>
    <ClCompile Include="src\elements\CEGUISpinner.cpp">
      <Filter>Source Files\elements</Filter>
    </ClCompile>
    <ClCompile Include="src\elements\CEGUISpinnerProperties.cpp">
      <Filter>Source Files\elements</Filter>
    </ClCompile>
    <ClCompile Include="src\elements\CEGUITabButton.cpp">
      <Filter>Source Files\elements</Filter>
    </ClCompile>
    <ClCompile Include="src\elements\CEGUITabControl.cpp">
      <Filter>Source Files\elements</Filter>
    </ClCompile>
    <ClCompile Include="src\elements\CEGUITabControlProperties.cpp">
      <Filter>Source Files\elements</Filter>
    </ClCompile>
    <ClCompile Include="src\elements\CEGUIThumb.cpp">
      <Filter>Source Files\elements</Filter>
    </ClCompile>
    <ClCompile Include="src\elements\CEGUIThumbProperties.cpp">
      <Filter>Source Files\elements</Filter>
    </ClCompile>
    <ClCompile Include="src\elements\CEGUITitlebar.cpp">
      <Filter>Source Files\elements</Filter>
    </ClCompile>
    <ClCompile Include="src\elements\CEGUITitlebarProperties.cpp">
      <Filter>Source Files\elements</Filter>
    </ClCompile>
    <ClCompile Include="src\elements\CEGUITooltip.cpp">
      <Filter>Source Files\elements</Filter>
    </ClCompile>
    <ClCompile Include="src\elements\CEGUITooltipProperties.cpp">
      <Filter>Source Files\elements</Filter>
    </ClCompile>
    <ClCompile Include="src\elements\CEGUITree.cpp">
      <Filter>Source Files\elements</Filter>
    </ClCompile>
    <ClCompile Include="src\elements\CEGUITreeItem.cpp">
      <Filter>Source Files\elements</Filter>
    </ClCompile>
    <ClCompile Include="src\elements\CEGUITreeProperties.cpp">
      <Filter>Source Files\elements</Filter>
    </ClCompile>
    <ClCompile Include="src\falagard\CEGUIFalagard_xmlHandler.cpp">
      <Filter>Source Files\falagard</Filter>
    </ClCompile>
    <ClCompile Include="src\falagard\CEGUIFalComponentBase.cpp">
      <Filter>Source Files\falagard</Filter>
    </ClCompile>
    <ClCompile Include="src\falagard\CEGUIFalDimensions.cpp">
      <Filter>Source Files\falagard</Filter>
    </ClCompile>
    <ClCompile Include="src\falagard\CEGUIFalFrameComponent.cpp">
      <Filter>Source Files\falagard</Filter>
    </ClCompile>
    <ClCompile Include="src\falagard\CEGUIFalImageryComponent.cpp">
      <Filter>Source Files\falagard</Filter>
    </ClCompile>
    <ClCompile Include="src\falagard\CEGUIFalImagerySection.cpp">
      <Filter>Source Files\falagard</Filter>
    </ClCompile>
    <ClCompile Include="src\falagard\CEGUIFalLayerSpecification.cpp">
      <Filter>Source Files\falagard</Filter>
    </ClCompile>
    <ClCompile Include="src\falagard\CEGUIFalNamedArea.cpp">
      <Filter>Source Files\falagard</Filter>
    </ClCompile>
    <ClCompile Include="src\falagard\CEGUIFalPropertyDefinition.cpp">
      <Filter>Source Files\falagard</Filter>
    </ClCompile>
    <ClCompile Include="src\falagard\CEGUIFalPropertyDefinitionBase.cpp">
      <Filter>Source Files\falagard</Filter>
    </ClCompile>
    <ClCompile Include="src\falagard\CEGUIFalPropertyInitialiser.cpp">
      <Filter>Source Files\falagard</Filter>
    </ClCompile>
    <ClCompile Include="src\falagard\CEGUIFalPropertyLinkDefinition.cpp">
      <Filter>Source Files\falagard</Filter>
    </ClCompile>
    <ClCompile Include="src\falagard\CEGUIFalSectionSpecification.cpp">
      <Filter>Source Files\falagard</Filter>
    </ClCompile>
    <ClCompile Include="src\falagard\CEGUIFalStateImagery.cpp">
      <Filter>Source Files\falagard</Filter>
    </ClCompile>
    <ClCompile Include="src\falagard\CEGUIFalTextComponent.cpp">
      <Filter>Source Files\falagard</Filter>
    </ClCompile>
    <ClCompile Include="src\falagard\CEGUIFalWidgetComponent.cpp">
      <Filter>Source Files\falagard</Filter>
    </ClCompile>
    <ClCompile Include="src\falagard\CEGUIFalWidgetLookFeel.cpp">
      <Filter>Source Files\falagard</Filter>
    </ClCompile>
    <ClCompile Include="src\falagard\CEGUIFalWidgetLookManager.cpp">
      <Filter>Source Files\falagard</Filter>
    </ClCompile>
    <ClCompile Include="src\falagard\CEGUIFalXMLEnumHelper.cpp">
      <Filter>Source Files\falagard</Filter>
    </ClCompile>
    <ClCompile Include="src\CEGUIBase.cpp">
      <Filter>Source Files</Filter>
    </ClCompile>
    <ClCompile Include="src\CEGUIBoundSlot.cpp">
      <Filter>Source Files</Filter>
    </ClCompile>
    <ClCompile Include="src\CEGUIcolour.cpp">
      <Filter>Source Files</Filter>
    </ClCompile>
    <ClCompile Include="src\CEGUIColourRect.cpp">
      <Filter>Source Files</Filter>
    </ClCompile>
    <ClCompile Include="src\CEGUIConfig_xmlHandler.cpp">
      <Filter>Source Files</Filter>
    </ClCompile>
    <ClCompile Include="src\CEGUICoordConverter.cpp">
      <Filter>Source Files</Filter>
    </ClCompile>
    <ClCompile Include="src\CEGUIDataContainer.cpp">
      <Filter>Source Files</Filter>
    </ClCompile>
    <ClCompile Include="src\CEGUIDefaultLogger.cpp">
      <Filter>Source Files</Filter>
    </ClCompile>
    <ClCompile Include="src\CEGUIDefaultResourceProvider.cpp">
      <Filter>Source Files</Filter>
    </ClCompile>
    <ClCompile Include="src\CEGUIDynamicModule.cpp">
      <Filter>Source Files</Filter>
    </ClCompile>
    <ClCompile Include="src\CEGUIEvent.cpp">
      <Filter>Source Files</Filter>
    </ClCompile>
    <ClCompile Include="src\CEGUIEventArgs.cpp">
      <Filter>Source Files</Filter>
    </ClCompile>
    <ClCompile Include="src\CEGUIEventSet.cpp">
      <Filter>Source Files</Filter>
    </ClCompile>
    <ClCompile Include="src\CEGUIEventSignal.cpp">
      <Filter>Source Files</Filter>
    </ClCompile>
    <ClCompile Include="src\CEGUIEventSignalSet.cpp">
      <Filter>Source Files</Filter>
    </ClCompile>
    <ClCompile Include="src\CEGUIExceptions.cpp">
      <Filter>Source Files</Filter>
    </ClCompile>
    <ClCompile Include="src\CEGUIFactoryModule.cpp">
      <Filter>Source Files</Filter>
    </ClCompile>
    <ClCompile Include="src\CEGUIFont.cpp">
      <Filter>Source Files</Filter>
    </ClCompile>
    <ClCompile Include="src\CEGUIFont_xmlHandler.cpp">
      <Filter>Source Files</Filter>
    </ClCompile>
    <ClCompile Include="src\CEGUIFontManager.cpp">
      <Filter>Source Files</Filter>
    </ClCompile>
    <ClCompile Include="src\CEGUIFontProperties.cpp">
      <Filter>Source Files</Filter>
    </ClCompile>
    <ClCompile Include="src\CEGUIFreeTypeFont.cpp">
      <Filter>Source Files</Filter>
    </ClCompile>
    <ClCompile Include="src\CEGUIGlobalEventSet.cpp">
      <Filter>Source Files</Filter>
    </ClCompile>
    <ClCompile Include="src\CEGUIGUILayout_xmlHandler.cpp">
      <Filter>Source Files</Filter>
    </ClCompile>
    <ClCompile Include="src\CEGUIImage.cpp">
      <Filter>Source Files</Filter>
    </ClCompile>
    <ClCompile Include="src\CEGUIImageCodec.cpp">
      <Filter>Source Files</Filter>
    </ClCompile>
    <ClCompile Include="src\CEGUIImageset.cpp">
      <Filter>Source Files</Filter>
    </ClCompile>
    <ClCompile Include="src\CEGUIImageset_xmlHandler.cpp">
      <Filter>Source Files</Filter>
    </ClCompile>
    <ClCompile Include="src\CEGUIImagesetManager.cpp">
      <Filter>Source Files</Filter>
    </ClCompile>
    <ClCompile Include="src\CEGUILogger.cpp">
      <Filter>Source Files</Filter>
    </ClCompile>
    <ClCompile Include="src\CEGUIMouseCursor.cpp">
      <Filter>Source Files</Filter>
    </ClCompile>
    <ClCompile Include="src\CEGUIPixmapFont.cpp">
      <Filter>Source Files</Filter>
    </ClCompile>
    <ClCompile Include="src\CEGUIProperty.cpp">
      <Filter>Source Files</Filter>
    </ClCompile>
    <ClCompile Include="src\CEGUIPropertyHelper.cpp">
      <Filter>Source Files</Filter>
    </ClCompile>
    <ClCompile Include="src\CEGUIPropertySet.cpp">
      <Filter>Source Files</Filter>
    </ClCompile>
    <ClCompile Include="src\CEGUIRect.cpp">
      <Filter>Source Files</Filter>
    </ClCompile>
    <ClCompile Include="src\CEGUIRenderCache.cpp">
      <Filter>Source Files</Filter>
    </ClCompile>
    <ClCompile Include="src\CEGUIRenderer.cpp">
      <Filter>Source Files</Filter>
    </ClCompile>
    <ClCompile Include="src\CEGUIScheme.cpp">
      <Filter>Source Files</Filter>
    </ClCompile>
    <ClCompile Include="src\CEGUIScheme_xmlHandler.cpp">
      <Filter>Source Files</Filter>
    </ClCompile>
    <ClCompile Include="src\CEGUISchemeManager.cpp">
      <Filter>Source Files</Filter>
    </ClCompile>
    <ClCompile Include="src\CEGUIScriptModule.cpp">
      <Filter>Source Files</Filter>
    </ClCompile>
    <ClCompile Include="src\CEGUIScriptWindowHelper.cpp">
      <Filter>Source Files</Filter>
    </ClCompile>
    <ClCompile Include="src\CEGUISize.cpp">
      <Filter>Source Files</Filter>
    </ClCompile>
    <ClCompile Include="src\CEGUIString.cpp">
      <Filter>Source Files</Filter>
    </ClCompile>
    <ClCompile Include="src\CEGUISubscriberSlot.cpp">
      <Filter>Source Files</Filter>
    </ClCompile>
    <ClCompile Include="src\CEGUISystem.cpp">
      <Filter>Source Files</Filter>
    </ClCompile>
    <ClCompile Include="src\CEGUITexture.cpp">
      <Filter>Source Files</Filter>
    </ClCompile>
    <ClCompile Include="src\CEGUITextUtils.cpp">
      <Filter>Source Files</Filter>
    </ClCompile>
    <ClCompile Include="src\CEGUIWindow.cpp">
      <Filter>Source Files</Filter>
    </ClCompile>
    <ClCompile Include="src\CEGUIWindowFactory.cpp">
      <Filter>Source Files</Filter>
    </ClCompile>
    <ClCompile Include="src\CEGUIWindowFactoryManager.cpp">
      <Filter>Source Files</Filter>
    </ClCompile>
    <ClCompile Include="src\CEGUIWindowManager.cpp">
      <Filter>Source Files</Filter>
    </ClCompile>
    <ClCompile Include="src\CEGUIWindowProperties.cpp">
      <Filter>Source Files</Filter>
    </ClCompile>
    <ClCompile Include="src\CEGUIWindowRenderer.cpp">
      <Filter>Source Files</Filter>
    </ClCompile>
    <ClCompile Include="src\CEGUIWindowRendererManager.cpp">
      <Filter>Source Files</Filter>
    </ClCompile>
    <ClCompile Include="src\CEGUIXMLAttributes.cpp">
      <Filter>Source Files</Filter>
    </ClCompile>
    <ClCompile Include="src\CEGUIXMLHandler.cpp">
      <Filter>Source Files</Filter>
    </ClCompile>
    <ClCompile Include="src\CEGUIXMLParser.cpp">
      <Filter>Source Files</Filter>
    </ClCompile>
    <ClCompile Include="src\CEGUIXMLSerializer.cpp">
      <Filter>Source Files</Filter>
    </ClCompile>
    <ClCompile Include="glew\glew.c">
      <Filter>glew</Filter>
    </ClCompile>
    <ClCompile Include="glfw\enable.c">
      <Filter>glfw</Filter>
    </ClCompile>
    <ClCompile Include="glfw\fullscreen.c">
      <Filter>glfw</Filter>
    </ClCompile>
    <ClCompile Include="glfw\glext.c">
      <Filter>glfw</Filter>
    </ClCompile>
    <ClCompile Include="glfw\image.c">
      <Filter>glfw</Filter>
    </ClCompile>
    <ClCompile Include="glfw\init.c">
      <Filter>glfw</Filter>
    </ClCompile>
    <ClCompile Include="glfw\input.c">
      <Filter>glfw</Filter>
    </ClCompile>
    <ClCompile Include="glfw\joystick.c">
      <Filter>glfw</Filter>
    </ClCompile>
    <ClCompile Include="glfw\stream.c">
      <Filter>glfw</Filter>
    </ClCompile>
    <ClCompile Include="glfw\tga.c">
      <Filter>glfw</Filter>
    </ClCompile>
    <ClCompile Include="glfw\thread.c">
      <Filter>glfw</Filter>
    </ClCompile>
    <ClCompile Include="glfw\time.c">
      <Filter>glfw</Filter>
    </ClCompile>
    <ClCompile Include="glfw\win32_dllmain.c">
      <Filter>glfw</Filter>
    </ClCompile>
    <ClCompile Include="glfw\win32_enable.c">
      <Filter>glfw</Filter>
    </ClCompile>
    <ClCompile Include="glfw\win32_fullscreen.c">
      <Filter>glfw</Filter>
    </ClCompile>
    <ClCompile Include="glfw\win32_glext.c">
      <Filter>glfw</Filter>
    </ClCompile>
    <ClCompile Include="glfw\win32_init.c">
      <Filter>glfw</Filter>
    </ClCompile>
    <ClCompile Include="glfw\win32_joystick.c">
      <Filter>glfw</Filter>
    </ClCompile>
    <ClCompile Include="glfw\win32_thread.c">
      <Filter>glfw</Filter>
    </ClCompile>
    <ClCompile Include="glfw\win32_time.c">
      <Filter>glfw</Filter>
    </ClCompile>
    <ClCompile Include="glfw\win32_window.c">
      <Filter>glfw</Filter>
    </ClCompile>
    <ClCompile Include="glfw\window.c">
      <Filter>glfw</Filter>
    </ClCompile>
    <ClCompile Include="jpeg\jaricom.c">
      <Filter>jpeg</Filter>
    </ClCompile>
    <ClCompile Include="jpeg\jcapimin.c">
      <Filter>jpeg</Filter>
    </ClCompile>
    <ClCompile Include="jpeg\jcapistd.c">
      <Filter>jpeg</Filter>
    </ClCompile>
    <ClCompile Include="jpeg\jcarith.c">
      <Filter>jpeg</Filter>
    </ClCompile>
    <ClCompile Include="jpeg\jccoefct.c">
      <Filter>jpeg</Filter>
    </ClCompile>
    <ClCompile Include="jpeg\jccolor.c">
      <Filter>jpeg</Filter>
    </ClCompile>
    <ClCompile Include="jpeg\jcdctmgr.c">
      <Filter>jpeg</Filter>
    </ClCompile>
    <ClCompile Include="jpeg\jchuff.c">
      <Filter>jpeg</Filter>
    </ClCompile>
    <ClCompile Include="jpeg\jcinit.c">
      <Filter>jpeg</Filter>
    </ClCompile>
    <ClCompile Include="jpeg\jcmainct.c">
      <Filter>jpeg</Filter>
    </ClCompile>
    <ClCompile Include="jpeg\jcmarker.c">
      <Filter>jpeg</Filter>
    </ClCompile>
    <ClCompile Include="jpeg\jcmaster.c">
      <Filter>jpeg</Filter>
    </ClCompile>
    <ClCompile Include="jpeg\jcomapi.c">
      <Filter>jpeg</Filter>
    </ClCompile>
    <ClCompile Include="jpeg\jcparam.c">
      <Filter>jpeg</Filter>
    </ClCompile>
    <ClCompile Include="jpeg\jcprepct.c">
      <Filter>jpeg</Filter>
    </ClCompile>
    <ClCompile Include="jpeg\jcsample.c">
      <Filter>jpeg</Filter>
    </ClCompile>
    <ClCompile Include="jpeg\jctrans.c">
      <Filter>jpeg</Filter>
    </ClCompile>
    <ClCompile Include="jpeg\jdapimin.c">
      <Filter>jpeg</Filter>
    </ClCompile>
    <ClCompile Include="jpeg\jdapistd.c">
      <Filter>jpeg</Filter>
    </ClCompile>
    <ClCompile Include="jpeg\jdarith.c">
      <Filter>jpeg</Filter>
    </ClCompile>
    <ClCompile Include="jpeg\jdatadst.c">
      <Filter>jpeg</Filter>
    </ClCompile>
    <ClCompile Include="jpeg\jdatasrc.c">
      <Filter>jpeg</Filter>
    </ClCompile>
    <ClCompile Include="jpeg\jdcoefct.c">
      <Filter>jpeg</Filter>
    </ClCompile>
    <ClCompile Include="jpeg\jdcolor.c">
      <Filter>jpeg</Filter>
    </ClCompile>
    <ClCompile Include="jpeg\jddctmgr.c">
      <Filter>jpeg</Filter>
    </ClCompile>
    <ClCompile Include="jpeg\jdhuff.c">
      <Filter>jpeg</Filter>
    </ClCompile>
    <ClCompile Include="jpeg\jdinput.c">
      <Filter>jpeg</Filter>
    </ClCompile>
    <ClCompile Include="jpeg\jdmainct.c">
      <Filter>jpeg</Filter>
    </ClCompile>
    <ClCompile Include="jpeg\jdmarker.c">
      <Filter>jpeg</Filter>
    </ClCompile>
    <ClCompile Include="jpeg\jdmaster.c">
      <Filter>jpeg</Filter>
    </ClCompile>
    <ClCompile Include="jpeg\jdmerge.c">
      <Filter>jpeg</Filter>
    </ClCompile>
    <ClCompile Include="jpeg\jdpostct.c">
      <Filter>jpeg</Filter>
    </ClCompile>
    <ClCompile Include="jpeg\jdsample.c">
      <Filter>jpeg</Filter>
    </ClCompile>
    <ClCompile Include="jpeg\jdtrans.c">
      <Filter>jpeg</Filter>
    </ClCompile>
    <ClCompile Include="jpeg\jerror.c">
      <Filter>jpeg</Filter>
    </ClCompile>
    <ClCompile Include="jpeg\jfdctflt.c">
      <Filter>jpeg</Filter>
    </ClCompile>
    <ClCompile Include="jpeg\jfdctfst.c">
      <Filter>jpeg</Filter>
    </ClCompile>
    <ClCompile Include="jpeg\jfdctint.c">
      <Filter>jpeg</Filter>
    </ClCompile>
    <ClCompile Include="jpeg\jidctflt.c">
      <Filter>jpeg</Filter>
    </ClCompile>
    <ClCompile Include="jpeg\jidctfst.c">
      <Filter>jpeg</Filter>
    </ClCompile>
    <ClCompile Include="jpeg\jidctint.c">
      <Filter>jpeg</Filter>
    </ClCompile>
    <ClCompile Include="jpeg\jmemmgr.c">
      <Filter>jpeg</Filter>
    </ClCompile>
    <ClCompile Include="jpeg\jmemnobs.c">
      <Filter>jpeg</Filter>
    </ClCompile>
    <ClCompile Include="jpeg\jquant1.c">
      <Filter>jpeg</Filter>
    </ClCompile>
    <ClCompile Include="jpeg\jquant2.c">
      <Filter>jpeg</Filter>
    </ClCompile>
    <ClCompile Include="jpeg\jutils.c">
      <Filter>jpeg</Filter>
    </ClCompile>
    <ClCompile Include="libexpat\xmlparse.c">
      <Filter>libexpat</Filter>
    </ClCompile>
    <ClCompile Include="libexpat\xmlrole.c">
      <Filter>libexpat</Filter>
    </ClCompile>
    <ClCompile Include="libexpat\xmltok.c">
      <Filter>libexpat</Filter>
    </ClCompile>
    <ClCompile Include="libexpat\xmltok_impl.c">
      <Filter>libexpat</Filter>
    </ClCompile>
    <ClCompile Include="libexpat\xmltok_ns.c">
      <Filter>libexpat</Filter>
    </ClCompile>
    <ClCompile Include="libpng\png.c">
      <Filter>libpng</Filter>
    </ClCompile>
    <ClCompile Include="libpng\pngerror.c">
      <Filter>libpng</Filter>
    </ClCompile>
    <ClCompile Include="libpng\pngget.c">
      <Filter>libpng</Filter>
    </ClCompile>
    <ClCompile Include="libpng\pngmem.c">
      <Filter>libpng</Filter>
    </ClCompile>
    <ClCompile Include="libpng\pngpread.c">
      <Filter>libpng</Filter>
    </ClCompile>
    <ClCompile Include="libpng\pngread.c">
      <Filter>libpng</Filter>
    </ClCompile>
    <ClCompile Include="libpng\pngrio.c">
      <Filter>libpng</Filter>
    </ClCompile>
    <ClCompile Include="libpng\pngrtran.c">
      <Filter>libpng</Filter>
    </ClCompile>
    <ClCompile Include="libpng\pngrutil.c">
      <Filter>libpng</Filter>
    </ClCompile>
    <ClCompile Include="libpng\pngset.c">
      <Filter>libpng</Filter>
    </ClCompile>
    <ClCompile Include="libpng\pngtrans.c">
      <Filter>libpng</Filter>
    </ClCompile>
    <ClCompile Include="libpng\pngwio.c">
      <Filter>libpng</Filter>
    </ClCompile>
    <ClCompile Include="libpng\pngwrite.c">
      <Filter>libpng</Filter>
    </ClCompile>
    <ClCompile Include="libpng\pngwtran.c">
      <Filter>libpng</Filter>
    </ClCompile>
    <ClCompile Include="libpng\pngwutil.c">
      <Filter>libpng</Filter>
    </ClCompile>
    <ClCompile Include="pcre\pcre_compile.c">
      <Filter>pcre</Filter>
    </ClCompile>
    <ClCompile Include="pcre\pcre_config.c">
      <Filter>pcre</Filter>
    </ClCompile>
    <ClCompile Include="pcre\pcre_dfa_exec.c">
      <Filter>pcre</Filter>
    </ClCompile>
    <ClCompile Include="pcre\pcre_exec.c">
      <Filter>pcre</Filter>
    </ClCompile>
    <ClCompile Include="pcre\pcre_fullinfo.c">
      <Filter>pcre</Filter>
    </ClCompile>
    <ClCompile Include="pcre\pcre_get.c">
      <Filter>pcre</Filter>
    </ClCompile>
    <ClCompile Include="pcre\pcre_globals.c">
      <Filter>pcre</Filter>
    </ClCompile>
    <ClCompile Include="pcre\pcre_info.c">
      <Filter>pcre</Filter>
    </ClCompile>
    <ClCompile Include="pcre\pcre_maketables.c">
      <Filter>pcre</Filter>
    </ClCompile>
    <ClCompile Include="pcre\pcre_newline.c">
      <Filter>pcre</Filter>
    </ClCompile>
    <ClCompile Include="pcre\pcre_ord2utf8.c">
      <Filter>pcre</Filter>
    </ClCompile>
    <ClCompile Include="pcre\pcre_refcount.c">
      <Filter>pcre</Filter>
    </ClCompile>
    <ClCompile Include="pcre\pcre_study.c">
      <Filter>pcre</Filter>
    </ClCompile>
    <ClCompile Include="pcre\pcre_tables.c">
      <Filter>pcre</Filter>
    </ClCompile>
    <ClCompile Include="pcre\pcre_try_flipped.c">
      <Filter>pcre</Filter>
    </ClCompile>
    <ClCompile Include="pcre\pcre_ucd.c">
      <Filter>pcre</Filter>
    </ClCompile>
    <ClCompile Include="pcre\pcre_valid_utf8.c">
      <Filter>pcre</Filter>
    </ClCompile>
    <ClCompile Include="pcre\pcre_version.c">
      <Filter>pcre</Filter>
    </ClCompile>
    <ClCompile Include="pcre\pcre_xclass.c">
      <Filter>pcre</Filter>
    </ClCompile>
    <ClCompile Include="SILLY\src\SILLYDataSource.cpp">
      <Filter>SILLY</Filter>
    </ClCompile>
    <ClCompile Include="SILLY\src\SILLYFileDataSource.cpp">
      <Filter>SILLY</Filter>
    </ClCompile>
    <ClCompile Include="SILLY\src\SILLYImage.cpp">
      <Filter>SILLY</Filter>
    </ClCompile>
    <ClCompile Include="SILLY\src\SILLYImageContext.cpp">
      <Filter>SILLY</Filter>
    </ClCompile>
    <ClCompile Include="SILLY\src\SILLYImageLoader.cpp">
      <Filter>SILLY</Filter>
    </ClCompile>
    <ClCompile Include="SILLY\src\SILLYImageLoaderManager.cpp">
      <Filter>SILLY</Filter>
    </ClCompile>
    <ClCompile Include="SILLY\src\SILLYMemoryDataSource.cpp">
      <Filter>SILLY</Filter>
    </ClCompile>
    <ClCompile Include="SILLY\src\loaders\SILLYJPGImageContext.cpp">
      <Filter>SILLY</Filter>
    </ClCompile>
    <ClCompile Include="SILLY\src\loaders\SILLYJPGImageLoader.cpp">
      <Filter>SILLY</Filter>
    </ClCompile>
    <ClCompile Include="SILLY\src\loaders\SILLYPNGImageContext.cpp">
      <Filter>SILLY</Filter>
    </ClCompile>
    <ClCompile Include="SILLY\src\loaders\SILLYPNGImageLoader.cpp">
      <Filter>SILLY</Filter>
    </ClCompile>
    <ClCompile Include="SILLY\src\loaders\SILLYTGAImageContext.cpp">
      <Filter>SILLY</Filter>
    </ClCompile>
    <ClCompile Include="SILLY\src\loaders\SILLYTGAImageLoader.cpp">
      <Filter>SILLY</Filter>
    </ClCompile>
    <ClCompile Include="pcre\pcre_chartables.c">
      <Filter>pcre</Filter>
    </ClCompile>
  </ItemGroup>
  <ItemGroup>
    <ClInclude Include="jpeg\jdct.h">
      <Filter>jpeg</Filter>
    </ClInclude>
    <ClInclude Include="jpeg\jinclude.h">
      <Filter>jpeg</Filter>
    </ClInclude>
    <ClInclude Include="jpeg\jmemsys.h">
      <Filter>jpeg</Filter>
    </ClInclude>
    <ClInclude Include="jpeg\jpegint.h">
      <Filter>jpeg</Filter>
    </ClInclude>
    <ClInclude Include="jpeg\jversion.h">
      <Filter>jpeg</Filter>
    </ClInclude>
    <ClInclude Include="glfw\internal.h">
      <Filter>glfw</Filter>
    </ClInclude>
    <ClInclude Include="glfw\platform.h">
      <Filter>glfw</Filter>
    </ClInclude>
    <ClInclude Include="libexpat\ascii.h">
      <Filter>libexpat</Filter>
    </ClInclude>
    <ClInclude Include="libexpat\asciitab.h">
      <Filter>libexpat</Filter>
    </ClInclude>
    <ClInclude Include="libexpat\expat.h">
      <Filter>libexpat</Filter>
    </ClInclude>
    <ClInclude Include="libexpat\expat_external.h">
      <Filter>libexpat</Filter>
    </ClInclude>
    <ClInclude Include="libexpat\iasciitab.h">
      <Filter>libexpat</Filter>
    </ClInclude>
    <ClInclude Include="libexpat\internal.h">
      <Filter>libexpat</Filter>
    </ClInclude>
    <ClInclude Include="libexpat\latin1tab.h">
      <Filter>libexpat</Filter>
    </ClInclude>
    <ClInclude Include="libexpat\nametab.h">
      <Filter>libexpat</Filter>
    </ClInclude>
    <ClInclude Include="libexpat\utf8tab.h">
      <Filter>libexpat</Filter>
    </ClInclude>
    <ClInclude Include="libexpat\winconfig.h">
      <Filter>libexpat</Filter>
    </ClInclude>
    <ClInclude Include="libexpat\xmlrole.h">
      <Filter>libexpat</Filter>
    </ClInclude>
    <ClInclude Include="libexpat\xmltok.h">
      <Filter>libexpat</Filter>
    </ClInclude>
    <ClInclude Include="libexpat\xmltok_impl.h">
      <Filter>libexpat</Filter>
    </ClInclude>
    <ClInclude Include="libpng\pngpriv.h">
      <Filter>libpng</Filter>
    </ClInclude>
    <ClInclude Include="pcre\config.h">
      <Filter>pcre</Filter>
    </ClInclude>
    <ClInclude Include="pcre\pcre.h">
      <Filter>pcre</Filter>
    </ClInclude>
    <ClInclude Include="pcre\pcre_internal.h">
      <Filter>pcre</Filter>
    </ClInclude>
    <ClInclude Include="pcre\ucp.h">
      <Filter>pcre</Filter>
    </ClInclude>
  </ItemGroup>
</Project>